
Microsoft Visual Studio Solution File, Format Version 12.00
# Visual Studio Version 16
VisualStudioVersion = 16.0.30406.217
MinimumVisualStudioVersion = 10.0.40219.1
Project("{2150E333-8FDC-42A3-9474-1A3956D46DE8}") = "Data", "Data", "{2F0EBED5-4A23-4BBC-B076-3C4B8E392E8C}"
EndProject
Project("{2150E333-8FDC-42A3-9474-1A3956D46DE8}") = "TEXT", "TEXT", "{B34F07EC-8178-4492-BE79-D68F8C0A1E88}"
EndProject
Project("{2150E333-8FDC-42A3-9474-1A3956D46DE8}") = "PORTUGUESE", "PORTUGUESE", "{4D4398C6-530B-4196-9536-6AEF8D7B3F60}"
	ProjectSection(SolutionItems) = preProject
		DATA\TEXT\PORTUGUESE\CREDITS.TXT = DATA\TEXT\PORTUGUESE\CREDITS.TXT
		DATA\TEXT\PORTUGUESE\QUOTES.TXT = DATA\TEXT\PORTUGUESE\QUOTES.TXT
	EndProjectSection
EndProject
Project("{2150E333-8FDC-42A3-9474-1A3956D46DE8}") = "GAME", "GAME", "{967FA0DA-B8B5-48B1-9F18-326666D77DD5}"
	ProjectSection(SolutionItems) = preProject
		DATA\TEXT\PORTUGUESE\GAME\combat.msg = DATA\TEXT\PORTUGUESE\GAME\combat.msg
		DATA\TEXT\PORTUGUESE\GAME\COMBATAI.MSG = DATA\TEXT\PORTUGUESE\GAME\COMBATAI.MSG
		DATA\TEXT\PORTUGUESE\GAME\DBOX.MSG = DATA\TEXT\PORTUGUESE\GAME\DBOX.MSG
		DATA\TEXT\PORTUGUESE\GAME\EDITOR.MSG = DATA\TEXT\PORTUGUESE\GAME\EDITOR.MSG
		DATA\TEXT\PORTUGUESE\GAME\INTRFACE.MSG = DATA\TEXT\PORTUGUESE\GAME\INTRFACE.MSG
		DATA\TEXT\PORTUGUESE\GAME\INVENTRY.MSG = DATA\TEXT\PORTUGUESE\GAME\INVENTRY.MSG
		DATA\TEXT\PORTUGUESE\GAME\ITEM.MSG = DATA\TEXT\PORTUGUESE\GAME\ITEM.MSG
		DATA\TEXT\PORTUGUESE\GAME\lsgame.msg = DATA\TEXT\PORTUGUESE\GAME\lsgame.msg
		DATA\TEXT\PORTUGUESE\GAME\map.msg = DATA\TEXT\PORTUGUESE\GAME\map.msg
		DATA\TEXT\PORTUGUESE\GAME\OPTIONS.MSG = DATA\TEXT\PORTUGUESE\GAME\OPTIONS.MSG
		DATA\TEXT\PORTUGUESE\GAME\PERK.MSG = DATA\TEXT\PORTUGUESE\GAME\PERK.MSG
		DATA\TEXT\PORTUGUESE\GAME\PIPBOY.MSG = DATA\TEXT\PORTUGUESE\GAME\PIPBOY.MSG
		DATA\TEXT\PORTUGUESE\GAME\PRO_CRIT.MSG = DATA\TEXT\PORTUGUESE\GAME\PRO_CRIT.MSG
		DATA\TEXT\PORTUGUESE\GAME\PRO_ITEM.MSG = DATA\TEXT\PORTUGUESE\GAME\PRO_ITEM.MSG
		DATA\TEXT\PORTUGUESE\GAME\PRO_MISC.MSG = DATA\TEXT\PORTUGUESE\GAME\PRO_MISC.MSG
		DATA\TEXT\PORTUGUESE\GAME\PRO_SCEN.MSG = DATA\TEXT\PORTUGUESE\GAME\PRO_SCEN.MSG
		DATA\TEXT\PORTUGUESE\GAME\PRO_TILE.MSG = DATA\TEXT\PORTUGUESE\GAME\PRO_TILE.MSG
		DATA\TEXT\PORTUGUESE\GAME\PRO_WALL.MSG = DATA\TEXT\PORTUGUESE\GAME\PRO_WALL.MSG
		DATA\TEXT\PORTUGUESE\GAME\PROTO.MSG = DATA\TEXT\PORTUGUESE\GAME\PROTO.MSG
		DATA\TEXT\PORTUGUESE\GAME\SCRIPT.MSG = DATA\TEXT\PORTUGUESE\GAME\SCRIPT.MSG
		DATA\TEXT\PORTUGUESE\GAME\SCRNAME.MSG = DATA\TEXT\PORTUGUESE\GAME\SCRNAME.MSG
		DATA\TEXT\PORTUGUESE\GAME\ScrnSet.msg = DATA\TEXT\PORTUGUESE\GAME\ScrnSet.msg
		DATA\TEXT\PORTUGUESE\GAME\SKILL.MSG = DATA\TEXT\PORTUGUESE\GAME\SKILL.MSG
		DATA\TEXT\PORTUGUESE\GAME\SKILLDEX.MSG = DATA\TEXT\PORTUGUESE\GAME\SKILLDEX.MSG
		DATA\TEXT\PORTUGUESE\GAME\STAT.MSG = DATA\TEXT\PORTUGUESE\GAME\STAT.MSG
		DATA\TEXT\PORTUGUESE\GAME\TRAIT.MSG = DATA\TEXT\PORTUGUESE\GAME\TRAIT.MSG
		DATA\TEXT\PORTUGUESE\GAME\WORLDMAP.MSG = DATA\TEXT\PORTUGUESE\GAME\WORLDMAP.MSG
	EndProjectSection
EndProject
Project("{2150E333-8FDC-42A3-9474-1A3956D46DE8}") = "DIALOG", "DIALOG", "{F63ECEFF-62BB-4230-81F2-BBCD9C8DE754}"
	ProjectSection(SolutionItems) = preProject
		DATA\TEXT\PORTUGUESE\DIALOG\ABEL.MSG = DATA\TEXT\PORTUGUESE\DIALOG\ABEL.MSG
		DATA\TEXT\PORTUGUESE\DIALOG\ADYTOWNR.MSG = DATA\TEXT\PORTUGUESE\DIALOG\ADYTOWNR.MSG
		DATA\TEXT\PORTUGUESE\DIALOG\AGATHA.MSG = DATA\TEXT\PORTUGUESE\DIALOG\AGATHA.MSG
		DATA\TEXT\PORTUGUESE\DIALOG\AGATHBED.MSG = DATA\TEXT\PORTUGUESE\DIALOG\AGATHBED.MSG
		DATA\TEXT\PORTUGUESE\DIALOG\AIRGRD.MSG = DATA\TEXT\PORTUGUESE\DIALOG\AIRGRD.MSG
		DATA\TEXT\PORTUGUESE\DIALOG\AIRLOCK.MSG = DATA\TEXT\PORTUGUESE\DIALOG\AIRLOCK.MSG
		DATA\TEXT\PORTUGUESE\DIALOG\ALAN.MSG = DATA\TEXT\PORTUGUESE\DIALOG\ALAN.MSG
		DATA\TEXT\PORTUGUESE\DIALOG\ALEX.MSG = DATA\TEXT\PORTUGUESE\DIALOG\ALEX.MSG
		DATA\TEXT\PORTUGUESE\DIALOG\ALLNONE.MSG = DATA\TEXT\PORTUGUESE\DIALOG\ALLNONE.MSG
		DATA\TEXT\PORTUGUESE\DIALOG\ALYA.MSG = DATA\TEXT\PORTUGUESE\DIALOG\ALYA.MSG
		DATA\TEXT\PORTUGUESE\DIALOG\AMBER.MSG = DATA\TEXT\PORTUGUESE\DIALOG\AMBER.MSG
		DATA\TEXT\PORTUGUESE\DIALOG\ANDREW.MSG = DATA\TEXT\PORTUGUESE\DIALOG\ANDREW.MSG
		DATA\TEXT\PORTUGUESE\DIALOG\ARADESH.MSG = DATA\TEXT\PORTUGUESE\DIALOG\ARADESH.MSG
		DATA\TEXT\PORTUGUESE\DIALOG\ARMOR.MSG = DATA\TEXT\PORTUGUESE\DIALOG\ARMOR.MSG
		DATA\TEXT\PORTUGUESE\DIALOG\ARTIFACT.MSG = DATA\TEXT\PORTUGUESE\DIALOG\ARTIFACT.MSG
		DATA\TEXT\PORTUGUESE\DIALOG\ASSBLOW.MSG = DATA\TEXT\PORTUGUESE\DIALOG\ASSBLOW.MSG
		DATA\TEXT\PORTUGUESE\DIALOG\AVERY.MSG = DATA\TEXT\PORTUGUESE\DIALOG\AVERY.MSG
		DATA\TEXT\PORTUGUESE\DIALOG\BARFLY.MSG = DATA\TEXT\PORTUGUESE\DIALOG\BARFLY.MSG
		DATA\TEXT\PORTUGUESE\DIALOG\BARRACUS.MSG = DATA\TEXT\PORTUGUESE\DIALOG\BARRACUS.MSG
		DATA\TEXT\PORTUGUESE\DIALOG\BARRY.MSG = DATA\TEXT\PORTUGUESE\DIALOG\BARRY.MSG
		DATA\TEXT\PORTUGUESE\DIALOG\BARTER.MSG = DATA\TEXT\PORTUGUESE\DIALOG\BARTER.MSG
		DATA\TEXT\PORTUGUESE\DIALOG\BECA.MSG = DATA\TEXT\PORTUGUESE\DIALOG\BECA.MSG
		DATA\TEXT\PORTUGUESE\DIALOG\BGUARD.MSG = DATA\TEXT\PORTUGUESE\DIALOG\BGUARD.MSG
		DATA\TEXT\PORTUGUESE\DIALOG\BILL.MSG = DATA\TEXT\PORTUGUESE\DIALOG\BILL.MSG
		DATA\TEXT\PORTUGUESE\DIALOG\BILLY.MSG = DATA\TEXT\PORTUGUESE\DIALOG\BILLY.MSG
		DATA\TEXT\PORTUGUESE\DIALOG\BITSBOB.MSG = DATA\TEXT\PORTUGUESE\DIALOG\BITSBOB.MSG
		DATA\TEXT\PORTUGUESE\DIALOG\BLADE.MSG = DATA\TEXT\PORTUGUESE\DIALOG\BLADE.MSG
		DATA\TEXT\PORTUGUESE\DIALOG\BLAST.MSG = DATA\TEXT\PORTUGUESE\DIALOG\BLAST.MSG
		DATA\TEXT\PORTUGUESE\DIALOG\BLKROM.MSG = DATA\TEXT\PORTUGUESE\DIALOG\BLKROM.MSG
		DATA\TEXT\PORTUGUESE\DIALOG\BLKROOM.MSG = DATA\TEXT\PORTUGUESE\DIALOG\BLKROOM.MSG
		DATA\TEXT\PORTUGUESE\DIALOG\BOB.MSG = DATA\TEXT\PORTUGUESE\DIALOG\BOB.MSG
		DATA\TEXT\PORTUGUESE\DIALOG\BOBDOUG.MSG = DATA\TEXT\PORTUGUESE\DIALOG\BOBDOUG.MSG
		DATA\TEXT\PORTUGUESE\DIALOG\BOBSIGN.MSG = DATA\TEXT\PORTUGUESE\DIALOG\BOBSIGN.MSG
		DATA\TEXT\PORTUGUESE\DIALOG\BONEBODY.MSG = DATA\TEXT\PORTUGUESE\DIALOG\BONEBODY.MSG
		DATA\TEXT\PORTUGUESE\DIALOG\BOOKCASE.MSG = DATA\TEXT\PORTUGUESE\DIALOG\BOOKCASE.MSG
		DATA\TEXT\PORTUGUESE\DIALOG\BOSDOCTR.MSG = DATA\TEXT\PORTUGUESE\DIALOG\BOSDOCTR.MSG
		DATA\TEXT\PORTUGUESE\DIALOG\BOSLORI.MSG = DATA\TEXT\PORTUGUESE\DIALOG\BOSLORI.MSG
		DATA\TEXT\PORTUGUESE\DIALOG\BOXGUARD.MSG = DATA\TEXT\PORTUGUESE\DIALOG\BOXGUARD.MSG
		DATA\TEXT\PORTUGUESE\DIALOG\BRAHMIN.MSG = DATA\TEXT\PORTUGUESE\DIALOG\BRAHMIN.MSG
		DATA\TEXT\PORTUGUESE\DIALOG\BRENDEN.MSG = DATA\TEXT\PORTUGUESE\DIALOG\BRENDEN.MSG
		DATA\TEXT\PORTUGUESE\DIALOG\BROELD.MSG = DATA\TEXT\PORTUGUESE\DIALOG\BROELD.MSG
		DATA\TEXT\PORTUGUESE\DIALOG\BROINVAD.MSG = DATA\TEXT\PORTUGUESE\DIALOG\BROINVAD.MSG
		DATA\TEXT\PORTUGUESE\DIALOG\BULLBORD.MSG = DATA\TEXT\PORTUGUESE\DIALOG\BULLBORD.MSG
		DATA\TEXT\PORTUGUESE\DIALOG\BUTCH.MSG = DATA\TEXT\PORTUGUESE\DIALOG\BUTCH.MSG
		DATA\TEXT\PORTUGUESE\DIALOG\BVAIR.MSG = DATA\TEXT\PORTUGUESE\DIALOG\BVAIR.MSG
		DATA\TEXT\PORTUGUESE\DIALOG\BVAIRL.MSG = DATA\TEXT\PORTUGUESE\DIALOG\BVAIRL.MSG
		DATA\TEXT\PORTUGUESE\DIALOG\BVCACHE.MSG = DATA\TEXT\PORTUGUESE\DIALOG\BVCACHE.MSG
		DATA\TEXT\PORTUGUESE\DIALOG\BVCORE.MSG = DATA\TEXT\PORTUGUESE\DIALOG\BVCORE.MSG
		DATA\TEXT\PORTUGUESE\DIALOG\BVENT.MSG = DATA\TEXT\PORTUGUESE\DIALOG\BVENT.MSG
		DATA\TEXT\PORTUGUESE\DIALOG\BVLAD.MSG = DATA\TEXT\PORTUGUESE\DIALOG\BVLAD.MSG
		DATA\TEXT\PORTUGUESE\DIALOG\BVLIB.MSG = DATA\TEXT\PORTUGUESE\DIALOG\BVLIB.MSG
		DATA\TEXT\PORTUGUESE\DIALOG\BVLIVE.MSG = DATA\TEXT\PORTUGUESE\DIALOG\BVLIVE.MSG
		DATA\TEXT\PORTUGUESE\DIALOG\BVMEET.MSG = DATA\TEXT\PORTUGUESE\DIALOG\BVMEET.MSG
		DATA\TEXT\PORTUGUESE\DIALOG\BVSTORE.MSG = DATA\TEXT\PORTUGUESE\DIALOG\BVSTORE.MSG
		DATA\TEXT\PORTUGUESE\DIALOG\BYCHRIS.MSG = DATA\TEXT\PORTUGUESE\DIALOG\BYCHRIS.MSG
		DATA\TEXT\PORTUGUESE\DIALOG\BYGREG.MSG = DATA\TEXT\PORTUGUESE\DIALOG\BYGREG.MSG
		DATA\TEXT\PORTUGUESE\DIALOG\BYMIKE.MSG = DATA\TEXT\PORTUGUESE\DIALOG\BYMIKE.MSG
		DATA\TEXT\PORTUGUESE\DIALOG\CABBOT.MSG = DATA\TEXT\PORTUGUESE\DIALOG\CABBOT.MSG
		DATA\TEXT\PORTUGUESE\DIALOG\CALDER.MSG = DATA\TEXT\PORTUGUESE\DIALOG\CALDER.MSG
		DATA\TEXT\PORTUGUESE\DIALOG\CALEB.MSG = DATA\TEXT\PORTUGUESE\DIALOG\CALEB.MSG
		DATA\TEXT\PORTUGUESE\DIALOG\CALLY.MSG = DATA\TEXT\PORTUGUESE\DIALOG\CALLY.MSG
		DATA\TEXT\PORTUGUESE\DIALOG\CARARRIV.MSG = DATA\TEXT\PORTUGUESE\DIALOG\CARARRIV.MSG
		DATA\TEXT\PORTUGUESE\DIALOG\CARCUST.MSG = DATA\TEXT\PORTUGUESE\DIALOG\CARCUST.MSG
		DATA\TEXT\PORTUGUESE\DIALOG\CARDRVR.MSG = DATA\TEXT\PORTUGUESE\DIALOG\CARDRVR.MSG
		DATA\TEXT\PORTUGUESE\DIALOG\CARGRD.MSG = DATA\TEXT\PORTUGUESE\DIALOG\CARGRD.MSG
		DATA\TEXT\PORTUGUESE\DIALOG\CARVLEAD.MSG = DATA\TEXT\PORTUGUESE\DIALOG\CARVLEAD.MSG
		DATA\TEXT\PORTUGUESE\DIALOG\CATHSHOP.MSG = DATA\TEXT\PORTUGUESE\DIALOG\CATHSHOP.MSG
		DATA\TEXT\PORTUGUESE\DIALOG\CAVEWALL.MSG = DATA\TEXT\PORTUGUESE\DIALOG\CAVEWALL.MSG
		DATA\TEXT\PORTUGUESE\DIALOG\CCVAN.MSG = DATA\TEXT\PORTUGUESE\DIALOG\CCVAN.MSG
		DATA\TEXT\PORTUGUESE\DIALOG\CHAIR.MSG = DATA\TEXT\PORTUGUESE\DIALOG\CHAIR.MSG
		DATA\TEXT\PORTUGUESE\DIALOG\CHANTER.MSG = DATA\TEXT\PORTUGUESE\DIALOG\CHANTER.MSG
		DATA\TEXT\PORTUGUESE\DIALOG\CHARBODY.MSG = DATA\TEXT\PORTUGUESE\DIALOG\CHARBODY.MSG
		DATA\TEXT\PORTUGUESE\DIALOG\CHDGUARD.MSG = DATA\TEXT\PORTUGUESE\DIALOG\CHDGUARD.MSG
		DATA\TEXT\PORTUGUESE\DIALOG\CHDSCOUT.MSG = DATA\TEXT\PORTUGUESE\DIALOG\CHDSCOUT.MSG
		DATA\TEXT\PORTUGUESE\DIALOG\CHEPSLOT.MSG = DATA\TEXT\PORTUGUESE\DIALOG\CHEPSLOT.MSG
		DATA\TEXT\PORTUGUESE\DIALOG\CHIDGAB.MSG = DATA\TEXT\PORTUGUESE\DIALOG\CHIDGAB.MSG
		DATA\TEXT\PORTUGUESE\DIALOG\CHIDINIT.MSG = DATA\TEXT\PORTUGUESE\DIALOG\CHIDINIT.MSG
		DATA\TEXT\PORTUGUESE\DIALOG\CHIDNITE.MSG = DATA\TEXT\PORTUGUESE\DIALOG\CHIDNITE.MSG
		DATA\TEXT\PORTUGUESE\DIALOG\CHIDSCOL.MSG = DATA\TEXT\PORTUGUESE\DIALOG\CHIDSCOL.MSG
		DATA\TEXT\PORTUGUESE\DIALOG\CHILD.MSG = DATA\TEXT\PORTUGUESE\DIALOG\CHILD.MSG
		DATA\TEXT\PORTUGUESE\DIALOG\CHILDMEM.MSG = DATA\TEXT\PORTUGUESE\DIALOG\CHILDMEM.MSG
		DATA\TEXT\PORTUGUESE\DIALOG\CHILDRN1.MSG = DATA\TEXT\PORTUGUESE\DIALOG\CHILDRN1.MSG
		DATA\TEXT\PORTUGUESE\DIALOG\CHILDRN2.MSG = DATA\TEXT\PORTUGUESE\DIALOG\CHILDRN2.MSG
		DATA\TEXT\PORTUGUESE\DIALOG\CHOCTECH.MSG = DATA\TEXT\PORTUGUESE\DIALOG\CHOCTECH.MSG
		DATA\TEXT\PORTUGUESE\DIALOG\CHUCK.MSG = DATA\TEXT\PORTUGUESE\DIALOG\CHUCK.MSG
		DATA\TEXT\PORTUGUESE\DIALOG\CINDY.MSG = DATA\TEXT\PORTUGUESE\DIALOG\CINDY.MSG
		DATA\TEXT\PORTUGUESE\DIALOG\CITIZEN.MSG = DATA\TEXT\PORTUGUESE\DIALOG\CITIZEN.MSG
		DATA\TEXT\PORTUGUESE\DIALOG\CLEO.MSG = DATA\TEXT\PORTUGUESE\DIALOG\CLEO.MSG
		DATA\TEXT\PORTUGUESE\DIALOG\CODEDISK.MSG = DATA\TEXT\PORTUGUESE\DIALOG\CODEDISK.MSG
		DATA\TEXT\PORTUGUESE\DIALOG\COKE.MSG = DATA\TEXT\PORTUGUESE\DIALOG\COKE.MSG
		DATA\TEXT\PORTUGUESE\DIALOG\COMMAND.MSG = DATA\TEXT\PORTUGUESE\DIALOG\COMMAND.MSG
		DATA\TEXT\PORTUGUESE\DIALOG\COMPUTER.MSG = DATA\TEXT\PORTUGUESE\DIALOG\COMPUTER.MSG
		DATA\TEXT\PORTUGUESE\DIALOG\COOK.MSG = DATA\TEXT\PORTUGUESE\DIALOG\COOK.MSG
		DATA\TEXT\PORTUGUESE\DIALOG\COOKSHEL.MSG = DATA\TEXT\PORTUGUESE\DIALOG\COOKSHEL.MSG
		DATA\TEXT\PORTUGUESE\DIALOG\COOKTABL.MSG = DATA\TEXT\PORTUGUESE\DIALOG\COOKTABL.MSG
		DATA\TEXT\PORTUGUESE\DIALOG\CORECOMP.MSG = DATA\TEXT\PORTUGUESE\DIALOG\CORECOMP.MSG
		DATA\TEXT\PORTUGUESE\DIALOG\COUGAR.MSG = DATA\TEXT\PORTUGUESE\DIALOG\COUGAR.MSG
		DATA\TEXT\PORTUGUESE\DIALOG\COVER.MSG = DATA\TEXT\PORTUGUESE\DIALOG\COVER.MSG
		DATA\TEXT\PORTUGUESE\DIALOG\COW.MSG = DATA\TEXT\PORTUGUESE\DIALOG\COW.MSG
		DATA\TEXT\PORTUGUESE\DIALOG\CRASHBOX.MSG = DATA\TEXT\PORTUGUESE\DIALOG\CRASHBOX.MSG
		DATA\TEXT\PORTUGUESE\DIALOG\CRASHRM.MSG = DATA\TEXT\PORTUGUESE\DIALOG\CRASHRM.MSG
		DATA\TEXT\PORTUGUESE\DIALOG\CREDDOOR.MSG = DATA\TEXT\PORTUGUESE\DIALOG\CREDDOOR.MSG
		DATA\TEXT\PORTUGUESE\DIALOG\CRVNDRVR.MSG = DATA\TEXT\PORTUGUESE\DIALOG\CRVNDRVR.MSG
		DATA\TEXT\PORTUGUESE\DIALOG\CRVNENMY.MSG = DATA\TEXT\PORTUGUESE\DIALOG\CRVNENMY.MSG
		DATA\TEXT\PORTUGUESE\DIALOG\crvnteam.msg = DATA\TEXT\PORTUGUESE\DIALOG\crvnteam.msg
		DATA\TEXT\PORTUGUESE\DIALOG\CURTIS.MSG = DATA\TEXT\PORTUGUESE\DIALOG\CURTIS.MSG
		DATA\TEXT\PORTUGUESE\DIALOG\DAN.MSG = DATA\TEXT\PORTUGUESE\DIALOG\DAN.MSG
		DATA\TEXT\PORTUGUESE\DIALOG\DANE.MSG = DATA\TEXT\PORTUGUESE\DIALOG\DANE.MSG
		DATA\TEXT\PORTUGUESE\DIALOG\DANWIFE.MSG = DATA\TEXT\PORTUGUESE\DIALOG\DANWIFE.MSG
		DATA\TEXT\PORTUGUESE\DIALOG\DARL.MSG = DATA\TEXT\PORTUGUESE\DIALOG\DARL.MSG
		DATA\TEXT\PORTUGUESE\DIALOG\DARREL.MSG = DATA\TEXT\PORTUGUESE\DIALOG\DARREL.MSG
		DATA\TEXT\PORTUGUESE\DIALOG\DCMUTANT.MSG = DATA\TEXT\PORTUGUESE\DIALOG\DCMUTANT.MSG
		DATA\TEXT\PORTUGUESE\DIALOG\DEAD.MSG = DATA\TEXT\PORTUGUESE\DIALOG\DEAD.MSG
		DATA\TEXT\PORTUGUESE\DIALOG\DEADBRO.MSG = DATA\TEXT\PORTUGUESE\DIALOG\DEADBRO.MSG
		DATA\TEXT\PORTUGUESE\DIALOG\DEADCOMP.MSG = DATA\TEXT\PORTUGUESE\DIALOG\DEADCOMP.MSG
		DATA\TEXT\PORTUGUESE\DIALOG\DEADGUY.MSG = DATA\TEXT\PORTUGUESE\DIALOG\DEADGUY.MSG
		DATA\TEXT\PORTUGUESE\DIALOG\DEALER.MSG = DATA\TEXT\PORTUGUESE\DIALOG\DEALER.MSG
		DATA\TEXT\PORTUGUESE\DIALOG\DECKER.MSG = DATA\TEXT\PORTUGUESE\DIALOG\DECKER.MSG
		DATA\TEXT\PORTUGUESE\DIALOG\DECKGRD.MSG = DATA\TEXT\PORTUGUESE\DIALOG\DECKGRD.MSG
		DATA\TEXT\PORTUGUESE\DIALOG\DEMETRE.MSG = DATA\TEXT\PORTUGUESE\DIALOG\DEMETRE.MSG
		DATA\TEXT\PORTUGUESE\DIALOG\DEMOCLUE.MSG = DATA\TEXT\PORTUGUESE\DIALOG\DEMOCLUE.MSG
		DATA\TEXT\PORTUGUESE\DIALOG\DEMOCOMP.MSG = DATA\TEXT\PORTUGUESE\DIALOG\DEMOCOMP.MSG
		DATA\TEXT\PORTUGUESE\DIALOG\DEMOCRYP.MSG = DATA\TEXT\PORTUGUESE\DIALOG\DEMOCRYP.MSG
		DATA\TEXT\PORTUGUESE\DIALOG\DEMODOG.MSG = DATA\TEXT\PORTUGUESE\DIALOG\DEMODOG.MSG
		DATA\TEXT\PORTUGUESE\DIALOG\DEMODOOR.MSG = DATA\TEXT\PORTUGUESE\DIALOG\DEMODOOR.MSG
		DATA\TEXT\PORTUGUESE\DIALOG\DEMOFOOL.MSG = DATA\TEXT\PORTUGUESE\DIALOG\DEMOFOOL.MSG
		DATA\TEXT\PORTUGUESE\DIALOG\DEMOGEN.MSG = DATA\TEXT\PORTUGUESE\DIALOG\DEMOGEN.MSG
		DATA\TEXT\PORTUGUESE\DIALOG\DEMOPEAS.MSG = DATA\TEXT\PORTUGUESE\DIALOG\DEMOPEAS.MSG
		DATA\TEXT\PORTUGUESE\DIALOG\DEMOPHIL.MSG = DATA\TEXT\PORTUGUESE\DIALOG\DEMOPHIL.MSG
		DATA\TEXT\PORTUGUESE\DIALOG\DEPFRY.MSG = DATA\TEXT\PORTUGUESE\DIALOG\DEPFRY.MSG
		DATA\TEXT\PORTUGUESE\DIALOG\DESK.MSG = DATA\TEXT\PORTUGUESE\DIALOG\DESK.MSG
		DATA\TEXT\PORTUGUESE\DIALOG\DIANA.MSG = DATA\TEXT\PORTUGUESE\DIALOG\DIANA.MSG
		DATA\TEXT\PORTUGUESE\DIALOG\DIRTNAP.MSG = DATA\TEXT\PORTUGUESE\DIALOG\DIRTNAP.MSG
		DATA\TEXT\PORTUGUESE\DIALOG\DISKA.MSG = DATA\TEXT\PORTUGUESE\DIALOG\DISKA.MSG
		DATA\TEXT\PORTUGUESE\DIALOG\DISKD.MSG = DATA\TEXT\PORTUGUESE\DIALOG\DISKD.MSG
		DATA\TEXT\PORTUGUESE\DIALOG\DOCLOCKR.MSG = DATA\TEXT\PORTUGUESE\DIALOG\DOCLOCKR.MSG
		DATA\TEXT\PORTUGUESE\DIALOG\DOCWU.MSG = DATA\TEXT\PORTUGUESE\DIALOG\DOCWU.MSG
		DATA\TEXT\PORTUGUESE\DIALOG\DOG2.MSG = DATA\TEXT\PORTUGUESE\DIALOG\DOG2.MSG
		DATA\TEXT\PORTUGUESE\DIALOG\DOGMEAT.MSG = DATA\TEXT\PORTUGUESE\DIALOG\DOGMEAT.MSG
		DATA\TEXT\PORTUGUESE\DIALOG\DOLGAN.MSG = DATA\TEXT\PORTUGUESE\DIALOG\DOLGAN.MSG
		DATA\TEXT\PORTUGUESE\DIALOG\DOOR.MSG = DATA\TEXT\PORTUGUESE\DIALOG\DOOR.MSG
		DATA\TEXT\PORTUGUESE\DIALOG\DOORCODE.MSG = DATA\TEXT\PORTUGUESE\DIALOG\DOORCODE.MSG
		DATA\TEXT\PORTUGUESE\DIALOG\DRAGON.MSG = DATA\TEXT\PORTUGUESE\DIALOG\DRAGON.MSG
		DATA\TEXT\PORTUGUESE\DIALOG\DUC.MSG = DATA\TEXT\PORTUGUESE\DIALOG\DUC.MSG
		DATA\TEXT\PORTUGUESE\DIALOG\DUGAN.MSG = DATA\TEXT\PORTUGUESE\DIALOG\DUGAN.MSG
		DATA\TEXT\PORTUGUESE\DIALOG\ELDER.MSG = DATA\TEXT\PORTUGUESE\DIALOG\ELDER.MSG
		DATA\TEXT\PORTUGUESE\DIALOG\ELECDOOR.MSG = DATA\TEXT\PORTUGUESE\DIALOG\ELECDOOR.MSG
		DATA\TEXT\PORTUGUESE\DIALOG\ELECTRAP.MSG = DATA\TEXT\PORTUGUESE\DIALOG\ELECTRAP.MSG
		DATA\TEXT\PORTUGUESE\DIALOG\ELEVATR.MSG = DATA\TEXT\PORTUGUESE\DIALOG\ELEVATR.MSG
		DATA\TEXT\PORTUGUESE\DIALOG\EMITER1A.MSG = DATA\TEXT\PORTUGUESE\DIALOG\EMITER1A.MSG
		DATA\TEXT\PORTUGUESE\DIALOG\ENEMY.MSG = DATA\TEXT\PORTUGUESE\DIALOG\ENEMY.MSG
		DATA\TEXT\PORTUGUESE\DIALOG\FALCON1.MSG = DATA\TEXT\PORTUGUESE\DIALOG\FALCON1.MSG
		DATA\TEXT\PORTUGUESE\DIALOG\FARLI.MSG = DATA\TEXT\PORTUGUESE\DIALOG\FARLI.MSG
		DATA\TEXT\PORTUGUESE\DIALOG\FARMPART.MSG = DATA\TEXT\PORTUGUESE\DIALOG\FARMPART.MSG
		DATA\TEXT\PORTUGUESE\DIALOG\FEARDARK.MSG = DATA\TEXT\PORTUGUESE\DIALOG\FEARDARK.MSG
		DATA\TEXT\PORTUGUESE\DIALOG\FEMFARMR.MSG = DATA\TEXT\PORTUGUESE\DIALOG\FEMFARMR.MSG
		DATA\TEXT\PORTUGUESE\DIALOG\FEVDISK.MSG = DATA\TEXT\PORTUGUESE\DIALOG\FEVDISK.MSG
		DATA\TEXT\PORTUGUESE\DIALOG\FGTCARVN.MSG = DATA\TEXT\PORTUGUESE\DIALOG\FGTCARVN.MSG
		DATA\TEXT\PORTUGUESE\DIALOG\FGTGARD.MSG = DATA\TEXT\PORTUGUESE\DIALOG\FGTGARD.MSG
		DATA\TEXT\PORTUGUESE\DIALOG\FGTRTNVN.MSG = DATA\TEXT\PORTUGUESE\DIALOG\FGTRTNVN.MSG
		DATA\TEXT\PORTUGUESE\DIALOG\FIELDA.MSG = DATA\TEXT\PORTUGUESE\DIALOG\FIELDA.MSG
		DATA\TEXT\PORTUGUESE\DIALOG\FIELDGEN.MSG = DATA\TEXT\PORTUGUESE\DIALOG\FIELDGEN.MSG
		DATA\TEXT\PORTUGUESE\DIALOG\FIRE.MSG = DATA\TEXT\PORTUGUESE\DIALOG\FIRE.MSG
		DATA\TEXT\PORTUGUESE\DIALOG\FISHRMAN.MSG = DATA\TEXT\PORTUGUESE\DIALOG\FISHRMAN.MSG
		DATA\TEXT\PORTUGUESE\DIALOG\FISHRSON.MSG = DATA\TEXT\PORTUGUESE\DIALOG\FISHRSON.MSG
		DATA\TEXT\PORTUGUESE\DIALOG\FLARE.MSG = DATA\TEXT\PORTUGUESE\DIALOG\FLARE.MSG
		DATA\TEXT\PORTUGUESE\DIALOG\FLASH.MSG = DATA\TEXT\PORTUGUESE\DIALOG\FLASH.MSG
		DATA\TEXT\PORTUGUESE\DIALOG\FLIP.MSG = DATA\TEXT\PORTUGUESE\DIALOG\FLIP.MSG
		DATA\TEXT\PORTUGUESE\DIALOG\FLSUPMUT.MSG = DATA\TEXT\PORTUGUESE\DIALOG\FLSUPMUT.MSG
		DATA\TEXT\PORTUGUESE\DIALOG\FOLGUARD.MSG = DATA\TEXT\PORTUGUESE\DIALOG\FOLGUARD.MSG
		DATA\TEXT\PORTUGUESE\DIALOG\FOLINIT.MSG = DATA\TEXT\PORTUGUESE\DIALOG\FOLINIT.MSG
		DATA\TEXT\PORTUGUESE\DIALOG\FOLINVAD.MSG = DATA\TEXT\PORTUGUESE\DIALOG\FOLINVAD.MSG
		DATA\TEXT\PORTUGUESE\DIALOG\FOLSCHOL.MSG = DATA\TEXT\PORTUGUESE\DIALOG\FOLSCHOL.MSG
		DATA\TEXT\PORTUGUESE\DIALOG\FOLSCOUT.MSG = DATA\TEXT\PORTUGUESE\DIALOG\FOLSCOUT.MSG
		DATA\TEXT\PORTUGUESE\DIALOG\FOOTPRNT.MSG = DATA\TEXT\PORTUGUESE\DIALOG\FOOTPRNT.MSG
		DATA\TEXT\PORTUGUESE\DIALOG\FORCCOMP.MSG = DATA\TEXT\PORTUGUESE\DIALOG\FORCCOMP.MSG
		DATA\TEXT\PORTUGUESE\DIALOG\FORCECON.MSG = DATA\TEXT\PORTUGUESE\DIALOG\FORCECON.MSG
		DATA\TEXT\PORTUGUESE\DIALOG\FRANCIS.MSG = DATA\TEXT\PORTUGUESE\DIALOG\FRANCIS.MSG
		DATA\TEXT\PORTUGUESE\DIALOG\FREEZER.MSG = DATA\TEXT\PORTUGUESE\DIALOG\FREEZER.MSG
		DATA\TEXT\PORTUGUESE\DIALOG\FRUIT.MSG = DATA\TEXT\PORTUGUESE\DIALOG\FRUIT.MSG
		DATA\TEXT\PORTUGUESE\DIALOG\FRY.MSG = DATA\TEXT\PORTUGUESE\DIALOG\FRY.MSG
		DATA\TEXT\PORTUGUESE\DIALOG\FRYSTUB.MSG = DATA\TEXT\PORTUGUESE\DIALOG\FRYSTUB.MSG
		DATA\TEXT\PORTUGUESE\DIALOG\GABRIEL.MSG = DATA\TEXT\PORTUGUESE\DIALOG\GABRIEL.MSG
		DATA\TEXT\PORTUGUESE\DIALOG\GAMBLER.MSG = DATA\TEXT\PORTUGUESE\DIALOG\GAMBLER.MSG
		DATA\TEXT\PORTUGUESE\DIALOG\GANGER.MSG = DATA\TEXT\PORTUGUESE\DIALOG\GANGER.MSG
		DATA\TEXT\PORTUGUESE\DIALOG\GAR2.MSG = DATA\TEXT\PORTUGUESE\DIALOG\GAR2.MSG
		DATA\TEXT\PORTUGUESE\DIALOG\GARL.MSG = DATA\TEXT\PORTUGUESE\DIALOG\GARL.MSG
		DATA\TEXT\PORTUGUESE\DIALOG\GARRET.MSG = DATA\TEXT\PORTUGUESE\DIALOG\GARRET.MSG
		DATA\TEXT\PORTUGUESE\DIALOG\GARY.MSG = DATA\TEXT\PORTUGUESE\DIALOG\GARY.MSG
		DATA\TEXT\PORTUGUESE\DIALOG\GASTRAP.MSG = DATA\TEXT\PORTUGUESE\DIALOG\GASTRAP.MSG
		DATA\TEXT\PORTUGUESE\DIALOG\GATEDEMO.MSG = DATA\TEXT\PORTUGUESE\DIALOG\GATEDEMO.MSG
		DATA\TEXT\PORTUGUESE\DIALOG\GDOOR.MSG = DATA\TEXT\PORTUGUESE\DIALOG\GDOOR.MSG
		DATA\TEXT\PORTUGUESE\DIALOG\GENCHANT.MSG = DATA\TEXT\PORTUGUESE\DIALOG\GENCHANT.MSG
		DATA\TEXT\PORTUGUESE\DIALOG\GENCHAT.MSG = DATA\TEXT\PORTUGUESE\DIALOG\GENCHAT.MSG
		DATA\TEXT\PORTUGUESE\DIALOG\GENCOP.MSG = DATA\TEXT\PORTUGUESE\DIALOG\GENCOP.MSG
		DATA\TEXT\PORTUGUESE\DIALOG\GENDISK.MSG = DATA\TEXT\PORTUGUESE\DIALOG\GENDISK.MSG
		DATA\TEXT\PORTUGUESE\DIALOG\GENERIC.MSG = DATA\TEXT\PORTUGUESE\DIALOG\GENERIC.MSG
		DATA\TEXT\PORTUGUESE\DIALOG\GENFGT.MSG = DATA\TEXT\PORTUGUESE\DIALOG\GENFGT.MSG
		DATA\TEXT\PORTUGUESE\DIALOG\GENGAMBL.MSG = DATA\TEXT\PORTUGUESE\DIALOG\GENGAMBL.MSG
		DATA\TEXT\PORTUGUESE\DIALOG\GENGHOUL.MSG = DATA\TEXT\PORTUGUESE\DIALOG\GENGHOUL.MSG
		DATA\TEXT\PORTUGUESE\DIALOG\GENGLOW1.MSG = DATA\TEXT\PORTUGUESE\DIALOG\GENGLOW1.MSG
		DATA\TEXT\PORTUGUESE\DIALOG\GENGRDA.MSG = DATA\TEXT\PORTUGUESE\DIALOG\GENGRDA.MSG
		DATA\TEXT\PORTUGUESE\DIALOG\GENGRDB.MSG = DATA\TEXT\PORTUGUESE\DIALOG\GENGRDB.MSG
		DATA\TEXT\PORTUGUESE\DIALOG\GENKNIGH.MSG = DATA\TEXT\PORTUGUESE\DIALOG\GENKNIGH.MSG
		DATA\TEXT\PORTUGUESE\DIALOG\GENLOCK.MSG = DATA\TEXT\PORTUGUESE\DIALOG\GENLOCK.MSG
		DATA\TEXT\PORTUGUESE\DIALOG\GENMERCA.MSG = DATA\TEXT\PORTUGUESE\DIALOG\GENMERCA.MSG
		DATA\TEXT\PORTUGUESE\DIALOG\GENMERCB.MSG = DATA\TEXT\PORTUGUESE\DIALOG\GENMERCB.MSG
		DATA\TEXT\PORTUGUESE\DIALOG\GENMUTAN.MSG = DATA\TEXT\PORTUGUESE\DIALOG\GENMUTAN.MSG
		DATA\TEXT\PORTUGUESE\DIALOG\GENPALA.MSG = DATA\TEXT\PORTUGUESE\DIALOG\GENPALA.MSG
		DATA\TEXT\PORTUGUESE\DIALOG\GENPALAD.MSG = DATA\TEXT\PORTUGUESE\DIALOG\GENPALAD.MSG
		DATA\TEXT\PORTUGUESE\DIALOG\GENPALB.MSG = DATA\TEXT\PORTUGUESE\DIALOG\GENPALB.MSG
		DATA\TEXT\PORTUGUESE\DIALOG\GENRAID2.MSG = DATA\TEXT\PORTUGUESE\DIALOG\GENRAID2.MSG
		DATA\TEXT\PORTUGUESE\DIALOG\GENRAIDB.MSG = DATA\TEXT\PORTUGUESE\DIALOG\GENRAIDB.MSG
		DATA\TEXT\PORTUGUESE\DIALOG\GENRAIDR.MSG = DATA\TEXT\PORTUGUESE\DIALOG\GENRAIDR.MSG
		DATA\TEXT\PORTUGUESE\DIALOG\GENSARG.MSG = DATA\TEXT\PORTUGUESE\DIALOG\GENSARG.MSG
		DATA\TEXT\PORTUGUESE\DIALOG\GENSCRIB.MSG = DATA\TEXT\PORTUGUESE\DIALOG\GENSCRIB.MSG
		DATA\TEXT\PORTUGUESE\DIALOG\GENSKAG.MSG = DATA\TEXT\PORTUGUESE\DIALOG\GENSKAG.MSG
		DATA\TEXT\PORTUGUESE\DIALOG\GENSKULZ.MSG = DATA\TEXT\PORTUGUESE\DIALOG\GENSKULZ.MSG
		DATA\TEXT\PORTUGUESE\DIALOG\GENSUPR.MSG = DATA\TEXT\PORTUGUESE\DIALOG\GENSUPR.MSG
		DATA\TEXT\PORTUGUESE\DIALOG\GENVAULT.MSG = DATA\TEXT\PORTUGUESE\DIALOG\GENVAULT.MSG
		DATA\TEXT\PORTUGUESE\DIALOG\GHDORGRD.MSG = DATA\TEXT\PORTUGUESE\DIALOG\GHDORGRD.MSG
		DATA\TEXT\PORTUGUESE\DIALOG\GHGENDED.MSG = DATA\TEXT\PORTUGUESE\DIALOG\GHGENDED.MSG
		DATA\TEXT\PORTUGUESE\DIALOG\GHGUARD.MSG = DATA\TEXT\PORTUGUESE\DIALOG\GHGUARD.MSG
		DATA\TEXT\PORTUGUESE\DIALOG\GHKICK.MSG = DATA\TEXT\PORTUGUESE\DIALOG\GHKICK.MSG
		DATA\TEXT\PORTUGUESE\DIALOG\GHOUL.MSG = DATA\TEXT\PORTUGUESE\DIALOG\GHOUL.MSG
		DATA\TEXT\PORTUGUESE\DIALOG\GHREFUGE.MSG = DATA\TEXT\PORTUGUESE\DIALOG\GHREFUGE.MSG
		DATA\TEXT\PORTUGUESE\DIALOG\GHRNDGRD.MSG = DATA\TEXT\PORTUGUESE\DIALOG\GHRNDGRD.MSG
		DATA\TEXT\PORTUGUESE\DIALOG\GHZERO.MSG = DATA\TEXT\PORTUGUESE\DIALOG\GHZERO.MSG
		DATA\TEXT\PORTUGUESE\DIALOG\GIDEON.MSG = DATA\TEXT\PORTUGUESE\DIALOG\GIDEON.MSG
		DATA\TEXT\PORTUGUESE\DIALOG\GIZGUARD.MSG = DATA\TEXT\PORTUGUESE\DIALOG\GIZGUARD.MSG
		DATA\TEXT\PORTUGUESE\DIALOG\GIZMO.MSG = DATA\TEXT\PORTUGUESE\DIALOG\GIZMO.MSG
		DATA\TEXT\PORTUGUESE\DIALOG\GLO1WEAP.MSG = DATA\TEXT\PORTUGUESE\DIALOG\GLO1WEAP.MSG
		DATA\TEXT\PORTUGUESE\DIALOG\GLO3SUPL.MSG = DATA\TEXT\PORTUGUESE\DIALOG\GLO3SUPL.MSG
		DATA\TEXT\PORTUGUESE\DIALOG\GLO3WEP.MSG = DATA\TEXT\PORTUGUESE\DIALOG\GLO3WEP.MSG
		DATA\TEXT\PORTUGUESE\DIALOG\GLO4SUPL.MSG = DATA\TEXT\PORTUGUESE\DIALOG\GLO4SUPL.MSG
		DATA\TEXT\PORTUGUESE\DIALOG\GLO4WEAP.MSG = DATA\TEXT\PORTUGUESE\DIALOG\GLO4WEAP.MSG
		DATA\TEXT\PORTUGUESE\DIALOG\GLOBLDOR.MSG = DATA\TEXT\PORTUGUESE\DIALOG\GLOBLDOR.MSG
		DATA\TEXT\PORTUGUESE\DIALOG\GLOBLELV.MSG = DATA\TEXT\PORTUGUESE\DIALOG\GLOBLELV.MSG
		DATA\TEXT\PORTUGUESE\DIALOG\GLOCABN.MSG = DATA\TEXT\PORTUGUESE\DIALOG\GLOCABN.MSG
		DATA\TEXT\PORTUGUESE\DIALOG\GLOCOMP.MSG = DATA\TEXT\PORTUGUESE\DIALOG\GLOCOMP.MSG
		DATA\TEXT\PORTUGUESE\DIALOG\GLORDDOR.MSG = DATA\TEXT\PORTUGUESE\DIALOG\GLORDDOR.MSG
		DATA\TEXT\PORTUGUESE\DIALOG\GLOWCAGE.MSG = DATA\TEXT\PORTUGUESE\DIALOG\GLOWCAGE.MSG
		DATA\TEXT\PORTUGUESE\DIALOG\GLOWDESK.MSG = DATA\TEXT\PORTUGUESE\DIALOG\GLOWDESK.MSG
		DATA\TEXT\PORTUGUESE\DIALOG\GLOWGEN.MSG = DATA\TEXT\PORTUGUESE\DIALOG\GLOWGEN.MSG
		DATA\TEXT\PORTUGUESE\DIALOG\GLOWONE.MSG = DATA\TEXT\PORTUGUESE\DIALOG\GLOWONE.MSG
		DATA\TEXT\PORTUGUESE\DIALOG\GLOWPUMP.MSG = DATA\TEXT\PORTUGUESE\DIALOG\GLOWPUMP.MSG
		DATA\TEXT\PORTUGUESE\DIALOG\GLOWTABL.MSG = DATA\TEXT\PORTUGUESE\DIALOG\GLOWTABL.MSG
		DATA\TEXT\PORTUGUESE\DIALOG\GLOYLDOR.MSG = DATA\TEXT\PORTUGUESE\DIALOG\GLOYLDOR.MSG
		DATA\TEXT\PORTUGUESE\DIALOG\GLWALIEN.MSG = DATA\TEXT\PORTUGUESE\DIALOG\GLWALIEN.MSG
		DATA\TEXT\PORTUGUESE\DIALOG\GLWBOX.MSG = DATA\TEXT\PORTUGUESE\DIALOG\GLWBOX.MSG
		DATA\TEXT\PORTUGUESE\DIALOG\GOODSLOT.MSG = DATA\TEXT\PORTUGUESE\DIALOG\GOODSLOT.MSG
		DATA\TEXT\PORTUGUESE\DIALOG\GPWRTERM.MSG = DATA\TEXT\PORTUGUESE\DIALOG\GPWRTERM.MSG
		DATA\TEXT\PORTUGUESE\DIALOG\GRAFFITI.MSG = DATA\TEXT\PORTUGUESE\DIALOG\GRAFFITI.MSG
		DATA\TEXT\PORTUGUESE\DIALOG\GRETCH.MSG = DATA\TEXT\PORTUGUESE\DIALOG\GRETCH.MSG
		DATA\TEXT\PORTUGUESE\DIALOG\GROUNDR.MSG = DATA\TEXT\PORTUGUESE\DIALOG\GROUNDR.MSG
		DATA\TEXT\PORTUGUESE\DIALOG\GUARD.MSG = DATA\TEXT\PORTUGUESE\DIALOG\GUARD.MSG
		DATA\TEXT\PORTUGUESE\DIALOG\GUARD2.MSG = DATA\TEXT\PORTUGUESE\DIALOG\GUARD2.MSG
		DATA\TEXT\PORTUGUESE\DIALOG\GUARDEMO.MSG = DATA\TEXT\PORTUGUESE\DIALOG\GUARDEMO.MSG
		DATA\TEXT\PORTUGUESE\DIALOG\GUIDO.MSG = DATA\TEXT\PORTUGUESE\DIALOG\GUIDO.MSG
		DATA\TEXT\PORTUGUESE\DIALOG\GUNCACHE.MSG = DATA\TEXT\PORTUGUESE\DIALOG\GUNCACHE.MSG
		DATA\TEXT\PORTUGUESE\DIALOG\GUNLOCK.MSG = DATA\TEXT\PORTUGUESE\DIALOG\GUNLOCK.MSG
		DATA\TEXT\PORTUGUESE\DIALOG\GUNRNR.MSG = DATA\TEXT\PORTUGUESE\DIALOG\GUNRNR.MSG
		DATA\TEXT\PORTUGUESE\DIALOG\GUNTHER.MSG = DATA\TEXT\PORTUGUESE\DIALOG\GUNTHER.MSG
		DATA\TEXT\PORTUGUESE\DIALOG\GUSTOFER.MSG = DATA\TEXT\PORTUGUESE\DIALOG\GUSTOFER.MSG
		DATA\TEXT\PORTUGUESE\DIALOG\GWEN.MSG = DATA\TEXT\PORTUGUESE\DIALOG\GWEN.MSG
		DATA\TEXT\PORTUGUESE\DIALOG\HALLGRD.MSG = DATA\TEXT\PORTUGUESE\DIALOG\HALLGRD.MSG
		DATA\TEXT\PORTUGUESE\DIALOG\HAROLD.MSG = DATA\TEXT\PORTUGUESE\DIALOG\HAROLD.MSG
		DATA\TEXT\PORTUGUESE\DIALOG\HARRY.MSG = DATA\TEXT\PORTUGUESE\DIALOG\HARRY.MSG
		DATA\TEXT\PORTUGUESE\DIALOG\HBETH.MSG = DATA\TEXT\PORTUGUESE\DIALOG\HBETH.MSG
		DATA\TEXT\PORTUGUESE\DIALOG\HBILLIE.MSG = DATA\TEXT\PORTUGUESE\DIALOG\HBILLIE.MSG
		DATA\TEXT\PORTUGUESE\DIALOG\HBODGRD2.MSG = DATA\TEXT\PORTUGUESE\DIALOG\HBODGRD2.MSG
		DATA\TEXT\PORTUGUESE\DIALOG\HCHDGRD.MSG = DATA\TEXT\PORTUGUESE\DIALOG\HCHDGRD.MSG
		DATA\TEXT\PORTUGUESE\DIALOG\HDTDN2UP.MSG = DATA\TEXT\PORTUGUESE\DIALOG\HDTDN2UP.MSG
		DATA\TEXT\PORTUGUESE\DIALOG\HDTVAULT.MSG = DATA\TEXT\PORTUGUESE\DIALOG\HDTVAULT.MSG
		DATA\TEXT\PORTUGUESE\DIALOG\HEATHER.MSG = DATA\TEXT\PORTUGUESE\DIALOG\HEATHER.MSG
		DATA\TEXT\PORTUGUESE\DIALOG\HGENCVAN.MSG = DATA\TEXT\PORTUGUESE\DIALOG\HGENCVAN.MSG
		DATA\TEXT\PORTUGUESE\DIALOG\HGENFARM.MSG = DATA\TEXT\PORTUGUESE\DIALOG\HGENFARM.MSG
		DATA\TEXT\PORTUGUESE\DIALOG\HGENGRD.MSG = DATA\TEXT\PORTUGUESE\DIALOG\HGENGRD.MSG
		DATA\TEXT\PORTUGUESE\DIALOG\HHOOKER.MSG = DATA\TEXT\PORTUGUESE\DIALOG\HHOOKER.MSG
		DATA\TEXT\PORTUGUESE\DIALOG\HICRAPS.MSG = DATA\TEXT\PORTUGUESE\DIALOG\HICRAPS.MSG
		DATA\TEXT\PORTUGUESE\DIALOG\HIGHELD.MSG = DATA\TEXT\PORTUGUESE\DIALOG\HIGHELD.MSG
		DATA\TEXT\PORTUGUESE\DIALOG\HIGHTOWR.MSG = DATA\TEXT\PORTUGUESE\DIALOG\HIGHTOWR.MSG
		DATA\TEXT\PORTUGUESE\DIALOG\HJUSTIN.MSG = DATA\TEXT\PORTUGUESE\DIALOG\HJUSTIN.MSG
		DATA\TEXT\PORTUGUESE\DIALOG\HOTSPOT.MSG = DATA\TEXT\PORTUGUESE\DIALOG\HOTSPOT.MSG
		DATA\TEXT\PORTUGUESE\DIALOG\HOUSCHAR.MSG = DATA\TEXT\PORTUGUESE\DIALOG\HOUSCHAR.MSG
		DATA\TEXT\PORTUGUESE\DIALOG\HTWRBOX.MSG = DATA\TEXT\PORTUGUESE\DIALOG\HTWRBOX.MSG
		DATA\TEXT\PORTUGUESE\DIALOG\HTWRGRD.MSG = DATA\TEXT\PORTUGUESE\DIALOG\HTWRGRD.MSG
		DATA\TEXT\PORTUGUESE\DIALOG\HTWRGRGE.MSG = DATA\TEXT\PORTUGUESE\DIALOG\HTWRGRGE.MSG
		DATA\TEXT\PORTUGUESE\DIALOG\HTWRLEON.MSG = DATA\TEXT\PORTUGUESE\DIALOG\HTWRLEON.MSG
		DATA\TEXT\PORTUGUESE\DIALOG\HTWRRICK.MSG = DATA\TEXT\PORTUGUESE\DIALOG\HTWRRICK.MSG
		DATA\TEXT\PORTUGUESE\DIALOG\HTWRWIFE.MSG = DATA\TEXT\PORTUGUESE\DIALOG\HTWRWIFE.MSG
		DATA\TEXT\PORTUGUESE\DIALOG\HUBBER.MSG = DATA\TEXT\PORTUGUESE\DIALOG\HUBBER.MSG
		DATA\TEXT\PORTUGUESE\DIALOG\HUBCAPTR.MSG = DATA\TEXT\PORTUGUESE\DIALOG\HUBCAPTR.MSG
		DATA\TEXT\PORTUGUESE\DIALOG\HUBCARVN.MSG = DATA\TEXT\PORTUGUESE\DIALOG\HUBCARVN.MSG
		DATA\TEXT\PORTUGUESE\DIALOG\HUBCOP.MSG = DATA\TEXT\PORTUGUESE\DIALOG\HUBCOP.MSG
		DATA\TEXT\PORTUGUESE\DIALOG\HUBFLRCD.MSG = DATA\TEXT\PORTUGUESE\DIALOG\HUBFLRCD.MSG
		DATA\TEXT\PORTUGUESE\DIALOG\HUBJAKE.MSG = DATA\TEXT\PORTUGUESE\DIALOG\HUBJAKE.MSG
		DATA\TEXT\PORTUGUESE\DIALOG\HUBPATNT.MSG = DATA\TEXT\PORTUGUESE\DIALOG\HUBPATNT.MSG
		DATA\TEXT\PORTUGUESE\DIALOG\HUBPRIS.MSG = DATA\TEXT\PORTUGUESE\DIALOG\HUBPRIS.MSG
		DATA\TEXT\PORTUGUESE\DIALOG\HUBSMITY.MSG = DATA\TEXT\PORTUGUESE\DIALOG\HUBSMITY.MSG
		DATA\TEXT\PORTUGUESE\DIALOG\HUNTER.MSG = DATA\TEXT\PORTUGUESE\DIALOG\HUNTER.MSG
		DATA\TEXT\PORTUGUESE\DIALOG\HWMHOST.MSG = DATA\TEXT\PORTUGUESE\DIALOG\HWMHOST.MSG
		DATA\TEXT\PORTUGUESE\DIALOG\IAN.MSG = DATA\TEXT\PORTUGUESE\DIALOG\IAN.MSG
		DATA\TEXT\PORTUGUESE\DIALOG\INVADED.MSG = DATA\TEXT\PORTUGUESE\DIALOG\INVADED.MSG
		DATA\TEXT\PORTUGUESE\DIALOG\INVADER.MSG = DATA\TEXT\PORTUGUESE\DIALOG\INVADER.MSG
		DATA\TEXT\PORTUGUESE\DIALOG\INVGRD.MSG = DATA\TEXT\PORTUGUESE\DIALOG\INVGRD.MSG
		DATA\TEXT\PORTUGUESE\DIALOG\IRWIN.MSG = DATA\TEXT\PORTUGUESE\DIALOG\IRWIN.MSG
		DATA\TEXT\PORTUGUESE\DIALOG\ISMARC.MSG = DATA\TEXT\PORTUGUESE\DIALOG\ISMARC.MSG
		DATA\TEXT\PORTUGUESE\DIALOG\IZO.MSG = DATA\TEXT\PORTUGUESE\DIALOG\IZO.MSG
		DATA\TEXT\PORTUGUESE\DIALOG\JAIN.MSG = DATA\TEXT\PORTUGUESE\DIALOG\JAIN.MSG
		DATA\TEXT\PORTUGUESE\DIALOG\JAKE.MSG = DATA\TEXT\PORTUGUESE\DIALOG\JAKE.MSG
		DATA\TEXT\PORTUGUESE\DIALOG\JARVIS.MSG = DATA\TEXT\PORTUGUESE\DIALOG\JARVIS.MSG
		DATA\TEXT\PORTUGUESE\DIALOG\JASMINE.MSG = DATA\TEXT\PORTUGUESE\DIALOG\JASMINE.MSG
		DATA\TEXT\PORTUGUESE\DIALOG\JASON.MSG = DATA\TEXT\PORTUGUESE\DIALOG\JASON.MSG
		DATA\TEXT\PORTUGUESE\DIALOG\JCHIDMEM.MSG = DATA\TEXT\PORTUGUESE\DIALOG\JCHIDMEM.MSG
		DATA\TEXT\PORTUGUESE\DIALOG\JENNIFER.MSG = DATA\TEXT\PORTUGUESE\DIALOG\JENNIFER.MSG
		DATA\TEXT\PORTUGUESE\DIALOG\JER.MSG = DATA\TEXT\PORTUGUESE\DIALOG\JER.MSG
		DATA\TEXT\PORTUGUESE\DIALOG\JEREM.MSG = DATA\TEXT\PORTUGUESE\DIALOG\JEREM.MSG
		DATA\TEXT\PORTUGUESE\DIALOG\JNKSCOUT.MSG = DATA\TEXT\PORTUGUESE\DIALOG\JNKSCOUT.MSG
		DATA\TEXT\PORTUGUESE\DIALOG\JOBPOST.MSG = DATA\TEXT\PORTUGUESE\DIALOG\JOBPOST.MSG
		DATA\TEXT\PORTUGUESE\DIALOG\JON.MSG = DATA\TEXT\PORTUGUESE\DIALOG\JON.MSG
		DATA\TEXT\PORTUGUESE\DIALOG\JTBOB.MSG = DATA\TEXT\PORTUGUESE\DIALOG\JTBOB.MSG
		DATA\TEXT\PORTUGUESE\DIALOG\JTGENGRD.MSG = DATA\TEXT\PORTUGUESE\DIALOG\JTGENGRD.MSG
		DATA\TEXT\PORTUGUESE\DIALOG\JTPEASNT.MSG = DATA\TEXT\PORTUGUESE\DIALOG\JTPEASNT.MSG
		DATA\TEXT\PORTUGUESE\DIALOG\JTRAIDER.MSG = DATA\TEXT\PORTUGUESE\DIALOG\JTRAIDER.MSG
		DATA\TEXT\PORTUGUESE\DIALOG\JULIANNA.MSG = DATA\TEXT\PORTUGUESE\DIALOG\JULIANNA.MSG
		DATA\TEXT\PORTUGUESE\DIALOG\JUNKDOG.MSG = DATA\TEXT\PORTUGUESE\DIALOG\JUNKDOG.MSG
		DATA\TEXT\PORTUGUESE\DIALOG\JUNKIE.MSG = DATA\TEXT\PORTUGUESE\DIALOG\JUNKIE.MSG
		DATA\TEXT\PORTUGUESE\DIALOG\JUNKJAIL.MSG = DATA\TEXT\PORTUGUESE\DIALOG\JUNKJAIL.MSG
		DATA\TEXT\PORTUGUESE\DIALOG\JUNKPEAS.MSG = DATA\TEXT\PORTUGUESE\DIALOG\JUNKPEAS.MSG
		DATA\TEXT\PORTUGUESE\DIALOG\JUSTIN.MSG = DATA\TEXT\PORTUGUESE\DIALOG\JUSTIN.MSG
		DATA\TEXT\PORTUGUESE\DIALOG\KANE.MSG = DATA\TEXT\PORTUGUESE\DIALOG\KANE.MSG
		DATA\TEXT\PORTUGUESE\DIALOG\KATJA.MSG = DATA\TEXT\PORTUGUESE\DIALOG\KATJA.MSG
		DATA\TEXT\PORTUGUESE\DIALOG\KENJI.MSG = DATA\TEXT\PORTUGUESE\DIALOG\KENJI.MSG
		DATA\TEXT\PORTUGUESE\DIALOG\KENNY.MSG = DATA\TEXT\PORTUGUESE\DIALOG\KENNY.MSG
		DATA\TEXT\PORTUGUESE\DIALOG\KERI.MSG = DATA\TEXT\PORTUGUESE\DIALOG\KERI.MSG
		DATA\TEXT\PORTUGUESE\DIALOG\KILDOOR1.MSG = DATA\TEXT\PORTUGUESE\DIALOG\KILDOOR1.MSG
		DATA\TEXT\PORTUGUESE\DIALOG\KILLIAN.MSG = DATA\TEXT\PORTUGUESE\DIALOG\KILLIAN.MSG
		DATA\TEXT\PORTUGUESE\DIALOG\KILLSAFE.MSG = DATA\TEXT\PORTUGUESE\DIALOG\KILLSAFE.MSG
		DATA\TEXT\PORTUGUESE\DIALOG\KNIGHTA.MSG = DATA\TEXT\PORTUGUESE\DIALOG\KNIGHTA.MSG
		DATA\TEXT\PORTUGUESE\DIALOG\KNIGHTB.MSG = DATA\TEXT\PORTUGUESE\DIALOG\KNIGHTB.MSG
		DATA\TEXT\PORTUGUESE\DIALOG\KRUPPER.MSG = DATA\TEXT\PORTUGUESE\DIALOG\KRUPPER.MSG
		DATA\TEXT\PORTUGUESE\DIALOG\KYLE.MSG = DATA\TEXT\PORTUGUESE\DIALOG\KYLE.MSG
		DATA\TEXT\PORTUGUESE\DIALOG\LADDER.MSG = DATA\TEXT\PORTUGUESE\DIALOG\LADDER.MSG
		DATA\TEXT\PORTUGUESE\DIALOG\LANCE.MSG = DATA\TEXT\PORTUGUESE\DIALOG\LANCE.MSG
		DATA\TEXT\PORTUGUESE\DIALOG\LARRY.MSG = DATA\TEXT\PORTUGUESE\DIALOG\LARRY.MSG
		DATA\TEXT\PORTUGUESE\DIALOG\LARS.MSG = DATA\TEXT\PORTUGUESE\DIALOG\LARS.MSG
		DATA\TEXT\PORTUGUESE\DIALOG\LARYKNIG.MSG = DATA\TEXT\PORTUGUESE\DIALOG\LARYKNIG.MSG
		DATA\TEXT\PORTUGUESE\DIALOG\LASHER.MSG = DATA\TEXT\PORTUGUESE\DIALOG\LASHER.MSG
		DATA\TEXT\PORTUGUESE\DIALOG\LAURA.MSG = DATA\TEXT\PORTUGUESE\DIALOG\LAURA.MSG
		DATA\TEXT\PORTUGUESE\DIALOG\LAZRTRAP.MSG = DATA\TEXT\PORTUGUESE\DIALOG\LAZRTRAP.MSG
		DATA\TEXT\PORTUGUESE\DIALOG\LEADER.MSG = DATA\TEXT\PORTUGUESE\DIALOG\LEADER.MSG
		DATA\TEXT\PORTUGUESE\DIALOG\LEMMY.MSG = DATA\TEXT\PORTUGUESE\DIALOG\LEMMY.MSG
		DATA\TEXT\PORTUGUESE\DIALOG\LENORE.MSG = DATA\TEXT\PORTUGUESE\DIALOG\LENORE.MSG
		DATA\TEXT\PORTUGUESE\DIALOG\LEON.MSG = DATA\TEXT\PORTUGUESE\DIALOG\LEON.MSG
		DATA\TEXT\PORTUGUESE\DIALOG\LIBCOMP.MSG = DATA\TEXT\PORTUGUESE\DIALOG\LIBCOMP.MSG
		DATA\TEXT\PORTUGUESE\DIALOG\LIBRARY.MSG = DATA\TEXT\PORTUGUESE\DIALOG\LIBRARY.MSG
		DATA\TEXT\PORTUGUESE\DIALOG\LIVINGQ.MSG = DATA\TEXT\PORTUGUESE\DIALOG\LIVINGQ.MSG
		DATA\TEXT\PORTUGUESE\DIALOG\LOCKER.MSG = DATA\TEXT\PORTUGUESE\DIALOG\LOCKER.MSG
		DATA\TEXT\PORTUGUESE\DIALOG\LONERAID.MSG = DATA\TEXT\PORTUGUESE\DIALOG\LONERAID.MSG
		DATA\TEXT\PORTUGUESE\DIALOG\LOOKOUT.MSG = DATA\TEXT\PORTUGUESE\DIALOG\LOOKOUT.MSG
		DATA\TEXT\PORTUGUESE\DIALOG\LORENZO.MSG = DATA\TEXT\PORTUGUESE\DIALOG\LORENZO.MSG
		DATA\TEXT\PORTUGUESE\DIALOG\LORRI.MSG = DATA\TEXT\PORTUGUESE\DIALOG\LORRI.MSG
		DATA\TEXT\PORTUGUESE\DIALOG\LORRIAN.MSG = DATA\TEXT\PORTUGUESE\DIALOG\LORRIAN.MSG
		DATA\TEXT\PORTUGUESE\DIALOG\LOSER.MSG = DATA\TEXT\PORTUGUESE\DIALOG\LOSER.MSG
		DATA\TEXT\PORTUGUESE\DIALOG\LOWCRAPS.MSG = DATA\TEXT\PORTUGUESE\DIALOG\LOWCRAPS.MSG
		DATA\TEXT\PORTUGUESE\DIALOG\LOXLEY.MSG = DATA\TEXT\PORTUGUESE\DIALOG\LOXLEY.MSG
		DATA\TEXT\PORTUGUESE\DIALOG\LT.MSG = DATA\TEXT\PORTUGUESE\DIALOG\LT.MSG
		DATA\TEXT\PORTUGUESE\DIALOG\LYLE.MSG = DATA\TEXT\PORTUGUESE\DIALOG\LYLE.MSG
		DATA\TEXT\PORTUGUESE\DIALOG\MACHIV.MSG = DATA\TEXT\PORTUGUESE\DIALOG\MACHIV.MSG
		DATA\TEXT\PORTUGUESE\DIALOG\MACRAE.MSG = DATA\TEXT\PORTUGUESE\DIALOG\MACRAE.MSG
		DATA\TEXT\PORTUGUESE\DIALOG\MADSCI.MSG = DATA\TEXT\PORTUGUESE\DIALOG\MADSCI.MSG
		DATA\TEXT\PORTUGUESE\DIALOG\MANAGER.MSG = DATA\TEXT\PORTUGUESE\DIALOG\MANAGER.MSG
		DATA\TEXT\PORTUGUESE\DIALOG\MANGLED.MSG = DATA\TEXT\PORTUGUESE\DIALOG\MANGLED.MSG
		DATA\TEXT\PORTUGUESE\DIALOG\MARCELLE.MSG = DATA\TEXT\PORTUGUESE\DIALOG\MARCELLE.MSG
		DATA\TEXT\PORTUGUESE\DIALOG\MARNEY.MSG = DATA\TEXT\PORTUGUESE\DIALOG\MARNEY.MSG
		DATA\TEXT\PORTUGUESE\DIALOG\MASTER.MSG = DATA\TEXT\PORTUGUESE\DIALOG\MASTER.MSG
		DATA\TEXT\PORTUGUESE\DIALOG\MASTER1.MSG = DATA\TEXT\PORTUGUESE\DIALOG\MASTER1.MSG
		DATA\TEXT\PORTUGUESE\DIALOG\MASTER2.MSG = DATA\TEXT\PORTUGUESE\DIALOG\MASTER2.MSG
		DATA\TEXT\PORTUGUESE\DIALOG\MATHIA.MSG = DATA\TEXT\PORTUGUESE\DIALOG\MATHIA.MSG
		DATA\TEXT\PORTUGUESE\DIALOG\MAXSON.MSG = DATA\TEXT\PORTUGUESE\DIALOG\MAXSON.MSG
		DATA\TEXT\PORTUGUESE\DIALOG\MBENT.MSG = DATA\TEXT\PORTUGUESE\DIALOG\MBENT.MSG
		DATA\TEXT\PORTUGUESE\DIALOG\MBOUT2IN.MSG = DATA\TEXT\PORTUGUESE\DIALOG\MBOUT2IN.MSG
		DATA\TEXT\PORTUGUESE\DIALOG\MBSTRONG.MSG = DATA\TEXT\PORTUGUESE\DIALOG\MBSTRONG.MSG
		DATA\TEXT\PORTUGUESE\DIALOG\MBVATS.MSG = DATA\TEXT\PORTUGUESE\DIALOG\MBVATS.MSG
		DATA\TEXT\PORTUGUESE\DIALOG\MEANDER.MSG = DATA\TEXT\PORTUGUESE\DIALOG\MEANDER.MSG
		DATA\TEXT\PORTUGUESE\DIALOG\MEDIC.MSG = DATA\TEXT\PORTUGUESE\DIALOG\MEDIC.MSG
		DATA\TEXT\PORTUGUESE\DIALOG\MEDLAB.MSG = DATA\TEXT\PORTUGUESE\DIALOG\MEDLAB.MSG
		DATA\TEXT\PORTUGUESE\DIALOG\MEETING.MSG = DATA\TEXT\PORTUGUESE\DIALOG\MEETING.MSG
		DATA\TEXT\PORTUGUESE\DIALOG\MERCH1.MSG = DATA\TEXT\PORTUGUESE\DIALOG\MERCH1.MSG
		DATA\TEXT\PORTUGUESE\DIALOG\MERCHRD1.MSG = DATA\TEXT\PORTUGUESE\DIALOG\MERCHRD1.MSG
		DATA\TEXT\PORTUGUESE\DIALOG\MICHAEL.MSG = DATA\TEXT\PORTUGUESE\DIALOG\MICHAEL.MSG
		DATA\TEXT\PORTUGUESE\DIALOG\MICHELLE.MSG = DATA\TEXT\PORTUGUESE\DIALOG\MICHELLE.MSG
		DATA\TEXT\PORTUGUESE\DIALOG\MIKE.MSG = DATA\TEXT\PORTUGUESE\DIALOG\MIKE.MSG
		DATA\TEXT\PORTUGUESE\DIALOG\MILES.MSG = DATA\TEXT\PORTUGUESE\DIALOG\MILES.MSG
		DATA\TEXT\PORTUGUESE\DIALOG\MINE.MSG = DATA\TEXT\PORTUGUESE\DIALOG\MINE.MSG
		DATA\TEXT\PORTUGUESE\DIALOG\MISSBRO.MSG = DATA\TEXT\PORTUGUESE\DIALOG\MISSBRO.MSG
		DATA\TEXT\PORTUGUESE\DIALOG\MLCORIDR.MSG = DATA\TEXT\PORTUGUESE\DIALOG\MLCORIDR.MSG
		DATA\TEXT\PORTUGUESE\DIALOG\MLMED.MSG = DATA\TEXT\PORTUGUESE\DIALOG\MLMED.MSG
		DATA\TEXT\PORTUGUESE\DIALOG\MLOPS.MSG = DATA\TEXT\PORTUGUESE\DIALOG\MLOPS.MSG
		DATA\TEXT\PORTUGUESE\DIALOG\MLPRISON.MSG = DATA\TEXT\PORTUGUESE\DIALOG\MLPRISON.MSG
		DATA\TEXT\PORTUGUESE\DIALOG\MOATGRD.MSG = DATA\TEXT\PORTUGUESE\DIALOG\MOATGRD.MSG
		DATA\TEXT\PORTUGUESE\DIALOG\MODREACT.MSG = DATA\TEXT\PORTUGUESE\DIALOG\MODREACT.MSG
		DATA\TEXT\PORTUGUESE\DIALOG\MORBCOOL.MSG = DATA\TEXT\PORTUGUESE\DIALOG\MORBCOOL.MSG
		DATA\TEXT\PORTUGUESE\DIALOG\MORBID.MSG = DATA\TEXT\PORTUGUESE\DIALOG\MORBID.MSG
		DATA\TEXT\PORTUGUESE\DIALOG\MORPCOMP.MSG = DATA\TEXT\PORTUGUESE\DIALOG\MORPCOMP.MSG
		DATA\TEXT\PORTUGUESE\DIALOG\MORPH.MSG = DATA\TEXT\PORTUGUESE\DIALOG\MORPH.MSG
		DATA\TEXT\PORTUGUESE\DIALOG\MRHANDYA.MSG = DATA\TEXT\PORTUGUESE\DIALOG\MRHANDYA.MSG
		DATA\TEXT\PORTUGUESE\DIALOG\MRHANDYC.MSG = DATA\TEXT\PORTUGUESE\DIALOG\MRHANDYC.MSG
		DATA\TEXT\PORTUGUESE\DIALOG\MSTMERCH.MSG = DATA\TEXT\PORTUGUESE\DIALOG\MSTMERCH.MSG
		DATA\TEXT\PORTUGUESE\DIALOG\MUTANT2.MSG = DATA\TEXT\PORTUGUESE\DIALOG\MUTANT2.MSG
		DATA\TEXT\PORTUGUESE\DIALOG\MUTANT3.MSG = DATA\TEXT\PORTUGUESE\DIALOG\MUTANT3.MSG
		DATA\TEXT\PORTUGUESE\DIALOG\MUTANT4.MSG = DATA\TEXT\PORTUGUESE\DIALOG\MUTANT4.MSG
		DATA\TEXT\PORTUGUESE\DIALOG\MUTANT5.MSG = DATA\TEXT\PORTUGUESE\DIALOG\MUTANT5.MSG
		DATA\TEXT\PORTUGUESE\DIALOG\MUTDISK.MSG = DATA\TEXT\PORTUGUESE\DIALOG\MUTDISK.MSG
		DATA\TEXT\PORTUGUESE\DIALOG\MUTEJAR.MSG = DATA\TEXT\PORTUGUESE\DIALOG\MUTEJAR.MSG
		DATA\TEXT\PORTUGUESE\DIALOG\MUTFRUIT.MSG = DATA\TEXT\PORTUGUESE\DIALOG\MUTFRUIT.MSG
		DATA\TEXT\PORTUGUESE\DIALOG\MVAIRLOC.MSG = DATA\TEXT\PORTUGUESE\DIALOG\MVAIRLOC.MSG
		DATA\TEXT\PORTUGUESE\DIALOG\MVBSHELF.MSG = DATA\TEXT\PORTUGUESE\DIALOG\MVBSHELF.MSG
		DATA\TEXT\PORTUGUESE\DIALOG\MVCOMP.MSG = DATA\TEXT\PORTUGUESE\DIALOG\MVCOMP.MSG
		DATA\TEXT\PORTUGUESE\DIALOG\MVNEWS.MSG = DATA\TEXT\PORTUGUESE\DIALOG\MVNEWS.MSG
		DATA\TEXT\PORTUGUESE\DIALOG\MVNUKE.MSG = DATA\TEXT\PORTUGUESE\DIALOG\MVNUKE.MSG
		DATA\TEXT\PORTUGUESE\DIALOG\MVRCRDOR.MSG = DATA\TEXT\PORTUGUESE\DIALOG\MVRCRDOR.MSG
		DATA\TEXT\PORTUGUESE\DIALOG\MVSCTSHF.MSG = DATA\TEXT\PORTUGUESE\DIALOG\MVSCTSHF.MSG
		DATA\TEXT\PORTUGUESE\DIALOG\NDEBRIS.MSG = DATA\TEXT\PORTUGUESE\DIALOG\NDEBRIS.MSG
		DATA\TEXT\PORTUGUESE\DIALOG\NEAL.MSG = DATA\TEXT\PORTUGUESE\DIALOG\NEAL.MSG
		DATA\TEXT\PORTUGUESE\DIALOG\NEIL.MSG = DATA\TEXT\PORTUGUESE\DIALOG\NEIL.MSG
		DATA\TEXT\PORTUGUESE\DIALOG\NGARFRDG.MSG = DATA\TEXT\PORTUGUESE\DIALOG\NGARFRDG.MSG
		DATA\TEXT\PORTUGUESE\DIALOG\NH2OCOMP.MSG = DATA\TEXT\PORTUGUESE\DIALOG\NH2OCOMP.MSG
		DATA\TEXT\PORTUGUESE\DIALOG\NH2OPUMP.MSG = DATA\TEXT\PORTUGUESE\DIALOG\NH2OPUMP.MSG
		DATA\TEXT\PORTUGUESE\DIALOG\NICOLE.MSG = DATA\TEXT\PORTUGUESE\DIALOG\NICOLE.MSG
		DATA\TEXT\PORTUGUESE\DIALOG\OBJ_DUDE.MSG = DATA\TEXT\PORTUGUESE\DIALOG\OBJ_DUDE.MSG
		DATA\TEXT\PORTUGUESE\DIALOG\ODDWALL.MSG = DATA\TEXT\PORTUGUESE\DIALOG\ODDWALL.MSG
		DATA\TEXT\PORTUGUESE\DIALOG\OFFICER.MSG = DATA\TEXT\PORTUGUESE\DIALOG\OFFICER.MSG
		DATA\TEXT\PORTUGUESE\DIALOG\ORFEO.MSG = DATA\TEXT\PORTUGUESE\DIALOG\ORFEO.MSG
		DATA\TEXT\PORTUGUESE\DIALOG\OVER.MSG = DATA\TEXT\PORTUGUESE\DIALOG\OVER.MSG
		DATA\TEXT\PORTUGUESE\DIALOG\PALADINA.MSG = DATA\TEXT\PORTUGUESE\DIALOG\PALADINA.MSG
		DATA\TEXT\PORTUGUESE\DIALOG\PALADINB.MSG = DATA\TEXT\PORTUGUESE\DIALOG\PALADINB.MSG
		DATA\TEXT\PORTUGUESE\DIALOG\PALADINC.MSG = DATA\TEXT\PORTUGUESE\DIALOG\PALADINC.MSG
		DATA\TEXT\PORTUGUESE\DIALOG\PALGUARD.MSG = DATA\TEXT\PORTUGUESE\DIALOG\PALGUARD.MSG
		DATA\TEXT\PORTUGUESE\DIALOG\PATRICK.MSG = DATA\TEXT\PORTUGUESE\DIALOG\PATRICK.MSG
		DATA\TEXT\PORTUGUESE\DIALOG\PAUL.MSG = DATA\TEXT\PORTUGUESE\DIALOG\PAUL.MSG
		DATA\TEXT\PORTUGUESE\DIALOG\PCARGRD.MSG = DATA\TEXT\PORTUGUESE\DIALOG\PCARGRD.MSG
		DATA\TEXT\PORTUGUESE\DIALOG\PEASANTC.MSG = DATA\TEXT\PORTUGUESE\DIALOG\PEASANTC.MSG
		DATA\TEXT\PORTUGUESE\DIALOG\PEASANTD.MSG = DATA\TEXT\PORTUGUESE\DIALOG\PEASANTD.MSG
		DATA\TEXT\PORTUGUESE\DIALOG\PENSMELL.MSG = DATA\TEXT\PORTUGUESE\DIALOG\PENSMELL.MSG
		DATA\TEXT\PORTUGUESE\DIALOG\PERNPWR.MSG = DATA\TEXT\PORTUGUESE\DIALOG\PERNPWR.MSG
		DATA\TEXT\PORTUGUESE\DIALOG\PETER.MSG = DATA\TEXT\PORTUGUESE\DIALOG\PETER.MSG
		DATA\TEXT\PORTUGUESE\DIALOG\PETROX.MSG = DATA\TEXT\PORTUGUESE\DIALOG\PETROX.MSG
		DATA\TEXT\PORTUGUESE\DIALOG\PHIL.MSG = DATA\TEXT\PORTUGUESE\DIALOG\PHIL.MSG
		DATA\TEXT\PORTUGUESE\DIALOG\PLEASANT.MSG = DATA\TEXT\PORTUGUESE\DIALOG\PLEASANT.MSG
		DATA\TEXT\PORTUGUESE\DIALOG\POWERMUT.MSG = DATA\TEXT\PORTUGUESE\DIALOG\POWERMUT.MSG
		DATA\TEXT\PORTUGUESE\DIALOG\PRAYING.MSG = DATA\TEXT\PORTUGUESE\DIALOG\PRAYING.MSG
		DATA\TEXT\PORTUGUESE\DIALOG\PRISONR.MSG = DATA\TEXT\PORTUGUESE\DIALOG\PRISONR.MSG
		DATA\TEXT\PORTUGUESE\DIALOG\PSYCHIC.MSG = DATA\TEXT\PORTUGUESE\DIALOG\PSYCHIC.MSG
		DATA\TEXT\PORTUGUESE\DIALOG\QUARTERS.MSG = DATA\TEXT\PORTUGUESE\DIALOG\QUARTERS.MSG
		DATA\TEXT\PORTUGUESE\DIALOG\RADIO.MSG = DATA\TEXT\PORTUGUESE\DIALOG\RADIO.MSG
		DATA\TEXT\PORTUGUESE\DIALOG\RADIOCOM.MSG = DATA\TEXT\PORTUGUESE\DIALOG\RADIOCOM.MSG
		DATA\TEXT\PORTUGUESE\DIALOG\RADSCORP.MSG = DATA\TEXT\PORTUGUESE\DIALOG\RADSCORP.MSG
		DATA\TEXT\PORTUGUESE\DIALOG\RAE.MSG = DATA\TEXT\PORTUGUESE\DIALOG\RAE.MSG
		DATA\TEXT\PORTUGUESE\DIALOG\RAIDGRD.MSG = DATA\TEXT\PORTUGUESE\DIALOG\RAIDGRD.MSG
		DATA\TEXT\PORTUGUESE\DIALOG\RAIDMAP.MSG = DATA\TEXT\PORTUGUESE\DIALOG\RAIDMAP.MSG
		DATA\TEXT\PORTUGUESE\DIALOG\RAIDPRIS.MSG = DATA\TEXT\PORTUGUESE\DIALOG\RAIDPRIS.MSG
		DATA\TEXT\PORTUGUESE\DIALOG\RATION.MSG = DATA\TEXT\PORTUGUESE\DIALOG\RATION.MSG
		DATA\TEXT\PORTUGUESE\DIALOG\RATPIT.MSG = DATA\TEXT\PORTUGUESE\DIALOG\RATPIT.MSG
		DATA\TEXT\PORTUGUESE\DIALOG\RAZLO.MSG = DATA\TEXT\PORTUGUESE\DIALOG\RAZLO.MSG
		DATA\TEXT\PORTUGUESE\DIALOG\RAZOR.MSG = DATA\TEXT\PORTUGUESE\DIALOG\RAZOR.MSG
		DATA\TEXT\PORTUGUESE\DIALOG\RD1ALLN1.MSG = DATA\TEXT\PORTUGUESE\DIALOG\RD1ALLN1.MSG
		DATA\TEXT\PORTUGUESE\DIALOG\RD1INIT.MSG = DATA\TEXT\PORTUGUESE\DIALOG\RD1INIT.MSG
		DATA\TEXT\PORTUGUESE\DIALOG\RD1RMORY.MSG = DATA\TEXT\PORTUGUESE\DIALOG\RD1RMORY.MSG
		DATA\TEXT\PORTUGUESE\DIALOG\RD1SCRB1.MSG = DATA\TEXT\PORTUGUESE\DIALOG\RD1SCRB1.MSG
		DATA\TEXT\PORTUGUESE\DIALOG\RDFALCON.MSG = DATA\TEXT\PORTUGUESE\DIALOG\RDFALCON.MSG
		DATA\TEXT\PORTUGUESE\DIALOG\REBEL.MSG = DATA\TEXT\PORTUGUESE\DIALOG\REBEL.MSG
		DATA\TEXT\PORTUGUESE\DIALOG\REGULATR.MSG = DATA\TEXT\PORTUGUESE\DIALOG\REGULATR.MSG
		DATA\TEXT\PORTUGUESE\DIALOG\REVULSE.MSG = DATA\TEXT\PORTUGUESE\DIALOG\REVULSE.MSG
		DATA\TEXT\PORTUGUESE\DIALOG\RHOMBUS.MSG = DATA\TEXT\PORTUGUESE\DIALOG\RHOMBUS.MSG
		DATA\TEXT\PORTUGUESE\DIALOG\RICHIE.MSG = DATA\TEXT\PORTUGUESE\DIALOG\RICHIE.MSG
		DATA\TEXT\PORTUGUESE\DIALOG\RIPPPRIS.MSG = DATA\TEXT\PORTUGUESE\DIALOG\RIPPPRIS.MSG
		DATA\TEXT\PORTUGUESE\DIALOG\RNDCITY.MSG = DATA\TEXT\PORTUGUESE\DIALOG\RNDCITY.MSG
		DATA\TEXT\PORTUGUESE\DIALOG\RNDCOAST.MSG = DATA\TEXT\PORTUGUESE\DIALOG\RNDCOAST.MSG
		DATA\TEXT\PORTUGUESE\DIALOG\RNDDESRT.MSG = DATA\TEXT\PORTUGUESE\DIALOG\RNDDESRT.MSG
		DATA\TEXT\PORTUGUESE\DIALOG\RNDMTN.MSG = DATA\TEXT\PORTUGUESE\DIALOG\RNDMTN.MSG
		DATA\TEXT\PORTUGUESE\DIALOG\ROBCTRL.MSG = DATA\TEXT\PORTUGUESE\DIALOG\ROBCTRL.MSG
		DATA\TEXT\PORTUGUESE\DIALOG\ROBOT.MSG = DATA\TEXT\PORTUGUESE\DIALOG\ROBOT.MSG
		DATA\TEXT\PORTUGUESE\DIALOG\ROMERO.MSG = DATA\TEXT\PORTUGUESE\DIALOG\ROMERO.MSG
		DATA\TEXT\PORTUGUESE\DIALOG\ROOMGRD.MSG = DATA\TEXT\PORTUGUESE\DIALOG\ROOMGRD.MSG
		DATA\TEXT\PORTUGUESE\DIALOG\ROPE.MSG = DATA\TEXT\PORTUGUESE\DIALOG\ROPE.MSG
		DATA\TEXT\PORTUGUESE\DIALOG\ROZBED.MSG = DATA\TEXT\PORTUGUESE\DIALOG\ROZBED.MSG
		DATA\TEXT\PORTUGUESE\DIALOG\RUBCHIP.MSG = DATA\TEXT\PORTUGUESE\DIALOG\RUBCHIP.MSG
		DATA\TEXT\PORTUGUESE\DIALOG\RUBCORE.MSG = DATA\TEXT\PORTUGUESE\DIALOG\RUBCORE.MSG
		DATA\TEXT\PORTUGUESE\DIALOG\RUFUS.MSG = DATA\TEXT\PORTUGUESE\DIALOG\RUFUS.MSG
		DATA\TEXT\PORTUGUESE\DIALOG\RUTGER.MSG = DATA\TEXT\PORTUGUESE\DIALOG\RUTGER.MSG
		DATA\TEXT\PORTUGUESE\DIALOG\SALLY.MSG = DATA\TEXT\PORTUGUESE\DIALOG\SALLY.MSG
		DATA\TEXT\PORTUGUESE\DIALOG\SAMMAEL.MSG = DATA\TEXT\PORTUGUESE\DIALOG\SAMMAEL.MSG
		DATA\TEXT\PORTUGUESE\DIALOG\SAMMY.MSG = DATA\TEXT\PORTUGUESE\DIALOG\SAMMY.MSG
		DATA\TEXT\PORTUGUESE\DIALOG\SAMMY2.MSG = DATA\TEXT\PORTUGUESE\DIALOG\SAMMY2.MSG
		DATA\TEXT\PORTUGUESE\DIALOG\SARAH.MSG = DATA\TEXT\PORTUGUESE\DIALOG\SARAH.MSG
		DATA\TEXT\PORTUGUESE\DIALOG\SAUL.MSG = DATA\TEXT\PORTUGUESE\DIALOG\SAUL.MSG
		DATA\TEXT\PORTUGUESE\DIALOG\SBOKCASE.MSG = DATA\TEXT\PORTUGUESE\DIALOG\SBOKCASE.MSG
		DATA\TEXT\PORTUGUESE\DIALOG\SCIROOM.MSG = DATA\TEXT\PORTUGUESE\DIALOG\SCIROOM.MSG
		DATA\TEXT\PORTUGUESE\DIALOG\SCRIBEA.MSG = DATA\TEXT\PORTUGUESE\DIALOG\SCRIBEA.MSG
		DATA\TEXT\PORTUGUESE\DIALOG\SCRIBEB.MSG = DATA\TEXT\PORTUGUESE\DIALOG\SCRIBEB.MSG
		DATA\TEXT\PORTUGUESE\DIALOG\SCRIBEC.MSG = DATA\TEXT\PORTUGUESE\DIALOG\SCRIBEC.MSG
		DATA\TEXT\PORTUGUESE\DIALOG\ScrnSet.msg = DATA\TEXT\PORTUGUESE\DIALOG\ScrnSet.msg
		DATA\TEXT\PORTUGUESE\DIALOG\SCSUPMUT.MSG = DATA\TEXT\PORTUGUESE\DIALOG\SCSUPMUT.MSG
		DATA\TEXT\PORTUGUESE\DIALOG\SDRESSER.MSG = DATA\TEXT\PORTUGUESE\DIALOG\SDRESSER.MSG
		DATA\TEXT\PORTUGUESE\DIALOG\SECDISK.MSG = DATA\TEXT\PORTUGUESE\DIALOG\SECDISK.MSG
		DATA\TEXT\PORTUGUESE\DIALOG\SECDOOR.MSG = DATA\TEXT\PORTUGUESE\DIALOG\SECDOOR.MSG
		DATA\TEXT\PORTUGUESE\DIALOG\SEMICOMP.MSG = DATA\TEXT\PORTUGUESE\DIALOG\SEMICOMP.MSG
		DATA\TEXT\PORTUGUESE\DIALOG\SENTRYGN.MSG = DATA\TEXT\PORTUGUESE\DIALOG\SENTRYGN.MSG
		DATA\TEXT\PORTUGUESE\DIALOG\SET.MSG = DATA\TEXT\PORTUGUESE\DIALOG\SET.MSG
		DATA\TEXT\PORTUGUESE\DIALOG\SETCOLER.MSG = DATA\TEXT\PORTUGUESE\DIALOG\SETCOLER.MSG
		DATA\TEXT\PORTUGUESE\DIALOG\SETDESK.MSG = DATA\TEXT\PORTUGUESE\DIALOG\SETDESK.MSG
		DATA\TEXT\PORTUGUESE\DIALOG\SETDOOR.MSG = DATA\TEXT\PORTUGUESE\DIALOG\SETDOOR.MSG
		DATA\TEXT\PORTUGUESE\DIALOG\SETDOOR1.MSG = DATA\TEXT\PORTUGUESE\DIALOG\SETDOOR1.MSG
		DATA\TEXT\PORTUGUESE\DIALOG\SETGUARD.MSG = DATA\TEXT\PORTUGUESE\DIALOG\SETGUARD.MSG
		DATA\TEXT\PORTUGUESE\DIALOG\SETH.MSG = DATA\TEXT\PORTUGUESE\DIALOG\SETH.MSG
		DATA\TEXT\PORTUGUESE\DIALOG\SETH2.MSG = DATA\TEXT\PORTUGUESE\DIALOG\SETH2.MSG
		DATA\TEXT\PORTUGUESE\DIALOG\SETSCTDR.MSG = DATA\TEXT\PORTUGUESE\DIALOG\SETSCTDR.MSG
		DATA\TEXT\PORTUGUESE\DIALOG\SHACK.MSG = DATA\TEXT\PORTUGUESE\DIALOG\SHACK.MSG
		DATA\TEXT\PORTUGUESE\DIALOG\SHADDESK.MSG = DATA\TEXT\PORTUGUESE\DIALOG\SHADDESK.MSG
		DATA\TEXT\PORTUGUESE\DIALOG\SHADYRUG.MSG = DATA\TEXT\PORTUGUESE\DIALOG\SHADYRUG.MSG
		DATA\TEXT\PORTUGUESE\DIALOG\SHADYWST.MSG = DATA\TEXT\PORTUGUESE\DIALOG\SHADYWST.MSG
		DATA\TEXT\PORTUGUESE\DIALOG\SHARK.MSG = DATA\TEXT\PORTUGUESE\DIALOG\SHARK.MSG
		DATA\TEXT\PORTUGUESE\DIALOG\SHERRY.MSG = DATA\TEXT\PORTUGUESE\DIALOG\SHERRY.MSG
		DATA\TEXT\PORTUGUESE\DIALOG\SID.MSG = DATA\TEXT\PORTUGUESE\DIALOG\SID.MSG
		DATA\TEXT\PORTUGUESE\DIALOG\SINK.MSG = DATA\TEXT\PORTUGUESE\DIALOG\SINK.MSG
		DATA\TEXT\PORTUGUESE\DIALOG\SINTHIA.MSG = DATA\TEXT\PORTUGUESE\DIALOG\SINTHIA.MSG
		DATA\TEXT\PORTUGUESE\DIALOG\SKUMDOOR.MSG = DATA\TEXT\PORTUGUESE\DIALOG\SKUMDOOR.MSG
		DATA\TEXT\PORTUGUESE\DIALOG\SLAPPY.MSG = DATA\TEXT\PORTUGUESE\DIALOG\SLAPPY.MSG
		DATA\TEXT\PORTUGUESE\DIALOG\SLUMMER.MSG = DATA\TEXT\PORTUGUESE\DIALOG\SLUMMER.MSG
		DATA\TEXT\PORTUGUESE\DIALOG\SMELL.MSG = DATA\TEXT\PORTUGUESE\DIALOG\SMELL.MSG
		DATA\TEXT\PORTUGUESE\DIALOG\SMITTY.MSG = DATA\TEXT\PORTUGUESE\DIALOG\SMITTY.MSG
		DATA\TEXT\PORTUGUESE\DIALOG\SMONE.MSG = DATA\TEXT\PORTUGUESE\DIALOG\SMONE.MSG
		DATA\TEXT\PORTUGUESE\DIALOG\SMPRAY.MSG = DATA\TEXT\PORTUGUESE\DIALOG\SMPRAY.MSG
		DATA\TEXT\PORTUGUESE\DIALOG\SOPHIA.MSG = DATA\TEXT\PORTUGUESE\DIALOG\SOPHIA.MSG
		DATA\TEXT\PORTUGUESE\DIALOG\SPECTATR.MSG = DATA\TEXT\PORTUGUESE\DIALOG\SPECTATR.MSG
		DATA\TEXT\PORTUGUESE\DIALOG\SSGUIDE.MSG = DATA\TEXT\PORTUGUESE\DIALOG\SSGUIDE.MSG
		DATA\TEXT\PORTUGUESE\DIALOG\SSRADSCO.MSG = DATA\TEXT\PORTUGUESE\DIALOG\SSRADSCO.MSG
		DATA\TEXT\PORTUGUESE\DIALOG\SSWELL.MSG = DATA\TEXT\PORTUGUESE\DIALOG\SSWELL.MSG
		DATA\TEXT\PORTUGUESE\DIALOG\STAPLE.MSG = DATA\TEXT\PORTUGUESE\DIALOG\STAPLE.MSG
		DATA\TEXT\PORTUGUESE\DIALOG\STOREROM.MSG = DATA\TEXT\PORTUGUESE\DIALOG\STOREROM.MSG
		DATA\TEXT\PORTUGUESE\DIALOG\SUPER.MSG = DATA\TEXT\PORTUGUESE\DIALOG\SUPER.MSG
		DATA\TEXT\PORTUGUESE\DIALOG\TALIUS.MSG = DATA\TEXT\PORTUGUESE\DIALOG\TALIUS.MSG
		DATA\TEXT\PORTUGUESE\DIALOG\TALUS.MSG = DATA\TEXT\PORTUGUESE\DIALOG\TALUS.MSG
		DATA\TEXT\PORTUGUESE\DIALOG\TANDI.MSG = DATA\TEXT\PORTUGUESE\DIALOG\TANDI.MSG
		DATA\TEXT\PORTUGUESE\DIALOG\TAYLOR.MSG = DATA\TEXT\PORTUGUESE\DIALOG\TAYLOR.MSG
		DATA\TEXT\PORTUGUESE\DIALOG\TERM.MSG = DATA\TEXT\PORTUGUESE\DIALOG\TERM.MSG
		DATA\TEXT\PORTUGUESE\DIALOG\TERRY.MSG = DATA\TEXT\PORTUGUESE\DIALOG\TERRY.MSG
		DATA\TEXT\PORTUGUESE\DIALOG\TGUARD.MSG = DATA\TEXT\PORTUGUESE\DIALOG\TGUARD.MSG
		DATA\TEXT\PORTUGUESE\DIALOG\THERESA.MSG = DATA\TEXT\PORTUGUESE\DIALOG\THERESA.MSG
		DATA\TEXT\PORTUGUESE\DIALOG\THOMAS.MSG = DATA\TEXT\PORTUGUESE\DIALOG\THOMAS.MSG
		DATA\TEXT\PORTUGUESE\DIALOG\THOMAS2.MSG = DATA\TEXT\PORTUGUESE\DIALOG\THOMAS2.MSG
		DATA\TEXT\PORTUGUESE\DIALOG\THORNDYK.MSG = DATA\TEXT\PORTUGUESE\DIALOG\THORNDYK.MSG
		DATA\TEXT\PORTUGUESE\DIALOG\THSUPMUT.MSG = DATA\TEXT\PORTUGUESE\DIALOG\THSUPMUT.MSG
		DATA\TEXT\PORTUGUESE\DIALOG\THUG.MSG = DATA\TEXT\PORTUGUESE\DIALOG\THUG.MSG
		DATA\TEXT\PORTUGUESE\DIALOG\TOGGLE.MSG = DATA\TEXT\PORTUGUESE\DIALOG\TOGGLE.MSG
		DATA\TEXT\PORTUGUESE\DIALOG\TOLYA.MSG = DATA\TEXT\PORTUGUESE\DIALOG\TOLYA.MSG
		DATA\TEXT\PORTUGUESE\DIALOG\TRAPFLOR.MSG = DATA\TEXT\PORTUGUESE\DIALOG\TRAPFLOR.MSG
		DATA\TEXT\PORTUGUESE\DIALOG\TREAD.MSG = DATA\TEXT\PORTUGUESE\DIALOG\TREAD.MSG
		DATA\TEXT\PORTUGUESE\DIALOG\TRENT.MSG = DATA\TEXT\PORTUGUESE\DIALOG\TRENT.MSG
		DATA\TEXT\PORTUGUESE\DIALOG\TRISH.MSG = DATA\TEXT\PORTUGUESE\DIALOG\TRISH.MSG
		DATA\TEXT\PORTUGUESE\DIALOG\TROPHY.MSG = DATA\TEXT\PORTUGUESE\DIALOG\TROPHY.MSG
		DATA\TEXT\PORTUGUESE\DIALOG\TROY.MSG = DATA\TEXT\PORTUGUESE\DIALOG\TROY.MSG
		DATA\TEXT\PORTUGUESE\DIALOG\TYCHO.MSG = DATA\TEXT\PORTUGUESE\DIALOG\TYCHO.MSG
		DATA\TEXT\PORTUGUESE\DIALOG\TYLIER.MSG = DATA\TEXT\PORTUGUESE\DIALOG\TYLIER.MSG
		DATA\TEXT\PORTUGUESE\DIALOG\UNDRBED.MSG = DATA\TEXT\PORTUGUESE\DIALOG\UNDRBED.MSG
		DATA\TEXT\PORTUGUESE\DIALOG\UTHERN.MSG = DATA\TEXT\PORTUGUESE\DIALOG\UTHERN.MSG
		DATA\TEXT\PORTUGUESE\DIALOG\UZCHAIR.MSG = DATA\TEXT\PORTUGUESE\DIALOG\UZCHAIR.MSG
		DATA\TEXT\PORTUGUESE\DIALOG\V13COMP.MSG = DATA\TEXT\PORTUGUESE\DIALOG\V13COMP.MSG
		DATA\TEXT\PORTUGUESE\DIALOG\V13DOOR.MSG = DATA\TEXT\PORTUGUESE\DIALOG\V13DOOR.MSG
		DATA\TEXT\PORTUGUESE\DIALOG\VALTCOMP.MSG = DATA\TEXT\PORTUGUESE\DIALOG\VALTCOMP.MSG
		DATA\TEXT\PORTUGUESE\DIALOG\VALTCORE.MSG = DATA\TEXT\PORTUGUESE\DIALOG\VALTCORE.MSG
		DATA\TEXT\PORTUGUESE\DIALOG\VALTCTZN.MSG = DATA\TEXT\PORTUGUESE\DIALOG\VALTCTZN.MSG
		DATA\TEXT\PORTUGUESE\DIALOG\VALTCUPL.MSG = DATA\TEXT\PORTUGUESE\DIALOG\VALTCUPL.MSG
		DATA\TEXT\PORTUGUESE\DIALOG\VALTGLO.MSG = DATA\TEXT\PORTUGUESE\DIALOG\VALTGLO.MSG
		DATA\TEXT\PORTUGUESE\DIALOG\VALTLEAV.MSG = DATA\TEXT\PORTUGUESE\DIALOG\VALTLEAV.MSG
		DATA\TEXT\PORTUGUESE\DIALOG\VALTLOCK.MSG = DATA\TEXT\PORTUGUESE\DIALOG\VALTLOCK.MSG
		DATA\TEXT\PORTUGUESE\DIALOG\VALTMED.MSG = DATA\TEXT\PORTUGUESE\DIALOG\VALTMED.MSG
		DATA\TEXT\PORTUGUESE\DIALOG\VALTMEET.MSG = DATA\TEXT\PORTUGUESE\DIALOG\VALTMEET.MSG
		DATA\TEXT\PORTUGUESE\DIALOG\VALTMON.MSG = DATA\TEXT\PORTUGUESE\DIALOG\VALTMON.MSG
		DATA\TEXT\PORTUGUESE\DIALOG\VALTOP.MSG = DATA\TEXT\PORTUGUESE\DIALOG\VALTOP.MSG
		DATA\TEXT\PORTUGUESE\DIALOG\VALTSEC.MSG = DATA\TEXT\PORTUGUESE\DIALOG\VALTSEC.MSG
		DATA\TEXT\PORTUGUESE\DIALOG\VALTSTOR.MSG = DATA\TEXT\PORTUGUESE\DIALOG\VALTSTOR.MSG
		DATA\TEXT\PORTUGUESE\DIALOG\VANCE.MSG = DATA\TEXT\PORTUGUESE\DIALOG\VANCE.MSG
		DATA\TEXT\PORTUGUESE\DIALOG\VANHAG.MSG = DATA\TEXT\PORTUGUESE\DIALOG\VANHAG.MSG
		DATA\TEXT\PORTUGUESE\DIALOG\VASQUEZ.MSG = DATA\TEXT\PORTUGUESE\DIALOG\VASQUEZ.MSG
		DATA\TEXT\PORTUGUESE\DIALOG\VATALERT.MSG = DATA\TEXT\PORTUGUESE\DIALOG\VATALERT.MSG
		DATA\TEXT\PORTUGUESE\DIALOG\VATSIGN.MSG = DATA\TEXT\PORTUGUESE\DIALOG\VATSIGN.MSG
		DATA\TEXT\PORTUGUESE\DIALOG\VATTEAM9.MSG = DATA\TEXT\PORTUGUESE\DIALOG\VATTEAM9.MSG
		DATA\TEXT\PORTUGUESE\DIALOG\VATWARN.MSG = DATA\TEXT\PORTUGUESE\DIALOG\VATWARN.MSG
		DATA\TEXT\PORTUGUESE\DIALOG\VBOOM.MSG = DATA\TEXT\PORTUGUESE\DIALOG\VBOOM.MSG
		DATA\TEXT\PORTUGUESE\DIALOG\VBROKELV.MSG = DATA\TEXT\PORTUGUESE\DIALOG\VBROKELV.MSG
		DATA\TEXT\PORTUGUESE\DIALOG\VCOMPOP.MSG = DATA\TEXT\PORTUGUESE\DIALOG\VCOMPOP.MSG
		DATA\TEXT\PORTUGUESE\DIALOG\VCONCOMP.MSG = DATA\TEXT\PORTUGUESE\DIALOG\VCONCOMP.MSG
		DATA\TEXT\PORTUGUESE\DIALOG\VCONDOOR.MSG = DATA\TEXT\PORTUGUESE\DIALOG\VCONDOOR.MSG
		DATA\TEXT\PORTUGUESE\DIALOG\VICTOR.MSG = DATA\TEXT\PORTUGUESE\DIALOG\VICTOR.MSG
		DATA\TEXT\PORTUGUESE\DIALOG\VINNIE.MSG = DATA\TEXT\PORTUGUESE\DIALOG\VINNIE.MSG
		DATA\TEXT\PORTUGUESE\DIALOG\VIOLA.MSG = DATA\TEXT\PORTUGUESE\DIALOG\VIOLA.MSG
		DATA\TEXT\PORTUGUESE\DIALOG\VLASER.MSG = DATA\TEXT\PORTUGUESE\DIALOG\VLASER.MSG
		DATA\TEXT\PORTUGUESE\DIALOG\VMONOWIR.MSG = DATA\TEXT\PORTUGUESE\DIALOG\VMONOWIR.MSG
		DATA\TEXT\PORTUGUESE\DIALOG\VPLASMA.MSG = DATA\TEXT\PORTUGUESE\DIALOG\VPLASMA.MSG
		DATA\TEXT\PORTUGUESE\DIALOG\VREE.MSG = DATA\TEXT\PORTUGUESE\DIALOG\VREE.MSG
		DATA\TEXT\PORTUGUESE\DIALOG\VREEDISK.MSG = DATA\TEXT\PORTUGUESE\DIALOG\VREEDISK.MSG
		DATA\TEXT\PORTUGUESE\DIALOG\VSGTEAM9.MSG = DATA\TEXT\PORTUGUESE\DIALOG\VSGTEAM9.MSG
		DATA\TEXT\PORTUGUESE\DIALOG\WEAPSYS.MSG = DATA\TEXT\PORTUGUESE\DIALOG\WEAPSYS.MSG
		DATA\TEXT\PORTUGUESE\DIALOG\WIFE.MSG = DATA\TEXT\PORTUGUESE\DIALOG\WIFE.MSG
		DATA\TEXT\PORTUGUESE\DIALOG\WMCARVN.MSG = DATA\TEXT\PORTUGUESE\DIALOG\WMCARVN.MSG
		DATA\TEXT\PORTUGUESE\DIALOG\WMGROUP.MSG = DATA\TEXT\PORTUGUESE\DIALOG\WMGROUP.MSG
		DATA\TEXT\PORTUGUESE\DIALOG\WOMEN.MSG = DATA\TEXT\PORTUGUESE\DIALOG\WOMEN.MSG
		DATA\TEXT\PORTUGUESE\DIALOG\WORKROOM.MSG = DATA\TEXT\PORTUGUESE\DIALOG\WORKROOM.MSG
		DATA\TEXT\PORTUGUESE\DIALOG\WTRGRD.MSG = DATA\TEXT\PORTUGUESE\DIALOG\WTRGRD.MSG
		DATA\TEXT\PORTUGUESE\DIALOG\WTRMGRD.MSG = DATA\TEXT\PORTUGUESE\DIALOG\WTRMGRD.MSG
		DATA\TEXT\PORTUGUESE\DIALOG\WTRTHIEF.MSG = DATA\TEXT\PORTUGUESE\DIALOG\WTRTHIEF.MSG
		DATA\TEXT\PORTUGUESE\DIALOG\YOURROOM.MSG = DATA\TEXT\PORTUGUESE\DIALOG\YOURROOM.MSG
		DATA\TEXT\PORTUGUESE\DIALOG\ZACK.MSG = DATA\TEXT\PORTUGUESE\DIALOG\ZACK.MSG
		DATA\TEXT\PORTUGUESE\DIALOG\ZARK.MSG = DATA\TEXT\PORTUGUESE\DIALOG\ZARK.MSG
		DATA\TEXT\PORTUGUESE\DIALOG\ZAX.MSG = DATA\TEXT\PORTUGUESE\DIALOG\ZAX.MSG
	EndProjectSection
EndProject
Project("{2150E333-8FDC-42A3-9474-1A3956D46DE8}") = "CUTS", "CUTS", "{3BB5A0AE-61A8-4A62-AAB5-DC02FB2DB9E5}"
	ProjectSection(SolutionItems) = preProject
		DATA\TEXT\PORTUGUESE\CUTS\BOIL1.SVE = DATA\TEXT\PORTUGUESE\CUTS\BOIL1.SVE
		DATA\TEXT\PORTUGUESE\CUTS\BOIL2.SVE = DATA\TEXT\PORTUGUESE\CUTS\BOIL2.SVE
		DATA\TEXT\PORTUGUESE\CUTS\BOIL3.SVE = DATA\TEXT\PORTUGUESE\CUTS\BOIL3.SVE
		DATA\TEXT\PORTUGUESE\CUTS\INTRO.SVE = DATA\TEXT\PORTUGUESE\CUTS\INTRO.SVE
		DATA\TEXT\PORTUGUESE\CUTS\NAR_10.TXT = DATA\TEXT\PORTUGUESE\CUTS\NAR_10.TXT
		DATA\TEXT\PORTUGUESE\CUTS\NAR_11.TXT = DATA\TEXT\PORTUGUESE\CUTS\NAR_11.TXT
		DATA\TEXT\PORTUGUESE\CUTS\NAR_12.TXT = DATA\TEXT\PORTUGUESE\CUTS\NAR_12.TXT
		DATA\TEXT\PORTUGUESE\CUTS\NAR_13.TXT = DATA\TEXT\PORTUGUESE\CUTS\NAR_13.TXT
		DATA\TEXT\PORTUGUESE\CUTS\NAR_15.TXT = DATA\TEXT\PORTUGUESE\CUTS\NAR_15.TXT
		DATA\TEXT\PORTUGUESE\CUTS\NAR_16.TXT = DATA\TEXT\PORTUGUESE\CUTS\NAR_16.TXT
		DATA\TEXT\PORTUGUESE\CUTS\NAR_18.TXT = DATA\TEXT\PORTUGUESE\CUTS\NAR_18.TXT
		DATA\TEXT\PORTUGUESE\CUTS\NAR_19.TXT = DATA\TEXT\PORTUGUESE\CUTS\NAR_19.TXT
		DATA\TEXT\PORTUGUESE\CUTS\NAR_2.TXT = DATA\TEXT\PORTUGUESE\CUTS\NAR_2.TXT
		DATA\TEXT\PORTUGUESE\CUTS\NAR_20.TXT = DATA\TEXT\PORTUGUESE\CUTS\NAR_20.TXT
		DATA\TEXT\PORTUGUESE\CUTS\NAR_21.TXT = DATA\TEXT\PORTUGUESE\CUTS\NAR_21.TXT
		DATA\TEXT\PORTUGUESE\CUTS\NAR_22.TXT = DATA\TEXT\PORTUGUESE\CUTS\NAR_22.TXT
		DATA\TEXT\PORTUGUESE\CUTS\NAR_23.TXT = DATA\TEXT\PORTUGUESE\CUTS\NAR_23.TXT
		DATA\TEXT\PORTUGUESE\CUTS\NAR_24.TXT = DATA\TEXT\PORTUGUESE\CUTS\NAR_24.TXT
		DATA\TEXT\PORTUGUESE\CUTS\NAR_25.TXT = DATA\TEXT\PORTUGUESE\CUTS\NAR_25.TXT
		DATA\TEXT\PORTUGUESE\CUTS\NAR_27.TXT = DATA\TEXT\PORTUGUESE\CUTS\NAR_27.TXT
		DATA\TEXT\PORTUGUESE\CUTS\NAR_28.TXT = DATA\TEXT\PORTUGUESE\CUTS\NAR_28.TXT
		DATA\TEXT\PORTUGUESE\CUTS\NAR_29.TXT = DATA\TEXT\PORTUGUESE\CUTS\NAR_29.TXT
		DATA\TEXT\PORTUGUESE\CUTS\NAR_3.TXT = DATA\TEXT\PORTUGUESE\CUTS\NAR_3.TXT
		DATA\TEXT\PORTUGUESE\CUTS\NAR_31.TXT = DATA\TEXT\PORTUGUESE\CUTS\NAR_31.TXT
		DATA\TEXT\PORTUGUESE\CUTS\NAR_32.TXT = DATA\TEXT\PORTUGUESE\CUTS\NAR_32.TXT
		DATA\TEXT\PORTUGUESE\CUTS\NAR_34.TXT = DATA\TEXT\PORTUGUESE\CUTS\NAR_34.TXT
		DATA\TEXT\PORTUGUESE\CUTS\NAR_35.TXT = DATA\TEXT\PORTUGUESE\CUTS\NAR_35.TXT
		DATA\TEXT\PORTUGUESE\CUTS\NAR_36.TXT = DATA\TEXT\PORTUGUESE\CUTS\NAR_36.TXT
		DATA\TEXT\PORTUGUESE\CUTS\NAR_37.TXT = DATA\TEXT\PORTUGUESE\CUTS\NAR_37.TXT
		DATA\TEXT\PORTUGUESE\CUTS\NAR_38.TXT = DATA\TEXT\PORTUGUESE\CUTS\NAR_38.TXT
		DATA\TEXT\PORTUGUESE\CUTS\NAR_39.TXT = DATA\TEXT\PORTUGUESE\CUTS\NAR_39.TXT
		DATA\TEXT\PORTUGUESE\CUTS\NAR_4.TXT = DATA\TEXT\PORTUGUESE\CUTS\NAR_4.TXT
		DATA\TEXT\PORTUGUESE\CUTS\NAR_40.TXT = DATA\TEXT\PORTUGUESE\CUTS\NAR_40.TXT
		DATA\TEXT\PORTUGUESE\CUTS\NAR_41.TXT = DATA\TEXT\PORTUGUESE\CUTS\NAR_41.TXT
		DATA\TEXT\PORTUGUESE\CUTS\NAR_42.TXT = DATA\TEXT\PORTUGUESE\CUTS\NAR_42.TXT
		DATA\TEXT\PORTUGUESE\CUTS\NAR_44.TXT = DATA\TEXT\PORTUGUESE\CUTS\NAR_44.TXT
		DATA\TEXT\PORTUGUESE\CUTS\NAR_45.TXT = DATA\TEXT\PORTUGUESE\CUTS\NAR_45.TXT
		DATA\TEXT\PORTUGUESE\CUTS\NAR_46.TXT = DATA\TEXT\PORTUGUESE\CUTS\NAR_46.TXT
		DATA\TEXT\PORTUGUESE\CUTS\NAR_5.TXT = DATA\TEXT\PORTUGUESE\CUTS\NAR_5.TXT
		DATA\TEXT\PORTUGUESE\CUTS\NAR_6.TXT = DATA\TEXT\PORTUGUESE\CUTS\NAR_6.TXT
		DATA\TEXT\PORTUGUESE\CUTS\NAR_7.TXT = DATA\TEXT\PORTUGUESE\CUTS\NAR_7.TXT
		DATA\TEXT\PORTUGUESE\CUTS\NAR_8.TXT = DATA\TEXT\PORTUGUESE\CUTS\NAR_8.TXT
		DATA\TEXT\PORTUGUESE\CUTS\NAR_9.TXT = DATA\TEXT\PORTUGUESE\CUTS\NAR_9.TXT
		DATA\TEXT\PORTUGUESE\CUTS\NARRATE.TXT = DATA\TEXT\PORTUGUESE\CUTS\NARRATE.TXT
		DATA\TEXT\PORTUGUESE\CUTS\OVRINTRO.SVE = DATA\TEXT\PORTUGUESE\CUTS\OVRINTRO.SVE
		DATA\TEXT\PORTUGUESE\CUTS\OVRINTRO.TXT = DATA\TEXT\PORTUGUESE\CUTS\OVRINTRO.TXT
	EndProjectSection
EndProject
Global
	GlobalSection(SolutionProperties) = preSolution
		HideSolutionNode = FALSE
	EndGlobalSection
	GlobalSection(NestedProjects) = preSolution
		{B34F07EC-8178-4492-BE79-D68F8C0A1E88} = {2F0EBED5-4A23-4BBC-B076-3C4B8E392E8C}
		{4D4398C6-530B-4196-9536-6AEF8D7B3F60} = {B34F07EC-8178-4492-BE79-D68F8C0A1E88}
		{967FA0DA-B8B5-48B1-9F18-326666D77DD5} = {4D4398C6-530B-4196-9536-6AEF8D7B3F60}
		{F63ECEFF-62BB-4230-81F2-BBCD9C8DE754} = {4D4398C6-530B-4196-9536-6AEF8D7B3F60}
		{3BB5A0AE-61A8-4A62-AAB5-DC02FB2DB9E5} = {4D4398C6-530B-4196-9536-6AEF8D7B3F60}
	EndGlobalSection
	GlobalSection(ExtensibilityGlobals) = postSolution
		SolutionGuid = {8A018DA3-E9AE-4EA5-A663-A2EF94FFF820}
	EndGlobalSection
EndGlobal
